// !$*UTF8*$!
{
	archiveVersion = 1;
	classes = {
	};
	objectVersion = 52;
	objects = {

/* Begin PBXBuildFile section */
		3E33C9D922C203B200C340F9 /* ListViewController.swift in Sources */ = {isa = PBXBuildFile; fileRef = 3E33C9D822C203B200C340F9 /* ListViewController.swift */; };
		3E46333522C0C2D000AE0F2F /* AppDelegate.swift in Sources */ = {isa = PBXBuildFile; fileRef = 3E46333422C0C2D000AE0F2F /* AppDelegate.swift */; };
		3E46333722C0C2D200AE0F2F /* Assets.xcassets in Resources */ = {isa = PBXBuildFile; fileRef = 3E46333622C0C2D200AE0F2F /* Assets.xcassets */; };
		3E46333A22C0C2D200AE0F2F /* MainMenu.xib in Resources */ = {isa = PBXBuildFile; fileRef = 3E46333822C0C2D200AE0F2F /* MainMenu.xib */; };
		3E46334622C0C2D200AE0F2F /* BelieveAndRiseTests.swift in Sources */ = {isa = PBXBuildFile; fileRef = 3E46334522C0C2D200AE0F2F /* BelieveAndRiseTests.swift */; };
		3E46335122C0C2D200AE0F2F /* BelieveAndRiseUITests.swift in Sources */ = {isa = PBXBuildFile; fileRef = 3E46335022C0C2D200AE0F2F /* BelieveAndRiseUITests.swift */; };
		3E77161F22C175A800B8C6C0 /* TableSectionHeaderView.swift in Sources */ = {isa = PBXBuildFile; fileRef = 3E77161E22C175A800B8C6C0 /* TableSectionHeaderView.swift */; };
		3E77162122C175E500B8C6C0 /* SingleColumnTableColumnRowView.swift in Sources */ = {isa = PBXBuildFile; fileRef = 3E77162022C175E500B8C6C0 /* SingleColumnTableColumnRowView.swift */; };
		3E77162322C1762A00B8C6C0 /* SingleColumnTableColumnRowView.xib in Resources */ = {isa = PBXBuildFile; fileRef = 3E77162222C1762A00B8C6C0 /* SingleColumnTableColumnRowView.xib */; };
		3E77162522C1775A00B8C6C0 /* NibLoadable.swift in Sources */ = {isa = PBXBuildFile; fileRef = 3E77162422C1775A00B8C6C0 /* NibLoadable.swift */; };
		3E77162722C179E500B8C6C0 /* TableHeaderData.swift in Sources */ = {isa = PBXBuildFile; fileRef = 3E77162622C179E500B8C6C0 /* TableHeaderData.swift */; };
		3E77162D22C180F700B8C6C0 /* TableSectionHeaderView.xib in Resources */ = {isa = PBXBuildFile; fileRef = 3E77162C22C180F700B8C6C0 /* TableSectionHeaderView.xib */; };
		3E7C827E239CC25F004B835D /* DownloadItemViewProvider.swift in Sources */ = {isa = PBXBuildFile; fileRef = 3E7C827A239CC25F004B835D /* DownloadItemViewProvider.swift */; };
		3E7C8280239CC25F004B835D /* DownloadListSelectionHandler.swift in Sources */ = {isa = PBXBuildFile; fileRef = 3E7C827C239CC25F004B835D /* DownloadListSelectionHandler.swift */; };
		3E7C8284239CC312004B835D /* RankIngameAndUsernameView.swift in Sources */ = {isa = PBXBuildFile; fileRef = 3E7C8282239CC312004B835D /* RankIngameAndUsernameView.swift */; };
		3E7C8285239CC312004B835D /* RankIngameAndUsernameView.xib in Resources */ = {isa = PBXBuildFile; fileRef = 3E7C8283239CC312004B835D /* RankIngameAndUsernameView.xib */; };
		3E7C8288239CC33D004B835D /* DownloadItemView.swift in Sources */ = {isa = PBXBuildFile; fileRef = 3E7C8286239CC33D004B835D /* DownloadItemView.swift */; };
		3E7C8289239CC33D004B835D /* DownloadItemView.xib in Resources */ = {isa = PBXBuildFile; fileRef = 3E7C8287239CC33D004B835D /* DownloadItemView.xib */; };
		3E86E057237B087B0032BCBF /* StartRectOverlayView.swift in Sources */ = {isa = PBXBuildFile; fileRef = 3E86E056237B087B0032BCBF /* StartRectOverlayView.swift */; };
		3E86E059237B08840032BCBF /* StartRectOverlayView.xib in Resources */ = {isa = PBXBuildFile; fileRef = 3E86E058237B08840032BCBF /* StartRectOverlayView.xib */; };
		3EF20F7422F825D10005650E /* ListViewController.xib in Resources */ = {isa = PBXBuildFile; fileRef = 3EF20F7322F825D10005650E /* ListViewController.xib */; };
		6B08BD7723927AF6001F9C3F /* ExtendedChatMessageView.swift in Sources */ = {isa = PBXBuildFile; fileRef = 6B08BD7623927AF6001F9C3F /* ExtendedChatMessageView.swift */; };
		6B08BD7923927B05001F9C3F /* ExtendedChatMessageView.xib in Resources */ = {isa = PBXBuildFile; fileRef = 6B08BD7823927B05001F9C3F /* ExtendedChatMessageView.xib */; };
		6B114C06251882E000F76670 /* AppDelegate.swift in Sources */ = {isa = PBXBuildFile; fileRef = 6B114C05251882E000F76670 /* AppDelegate.swift */; };
		6B114C08251882E000F76670 /* ContentView.swift in Sources */ = {isa = PBXBuildFile; fileRef = 6B114C07251882E000F76670 /* ContentView.swift */; };
		6B114C0A251882E200F76670 /* Assets.xcassets in Resources */ = {isa = PBXBuildFile; fileRef = 6B114C09251882E200F76670 /* Assets.xcassets */; };
		6B114C0D251882E200F76670 /* Preview Assets.xcassets in Resources */ = {isa = PBXBuildFile; fileRef = 6B114C0C251882E200F76670 /* Preview Assets.xcassets */; };
		6B114C10251882E200F76670 /* Main.storyboard in Resources */ = {isa = PBXBuildFile; fileRef = 6B114C0E251882E200F76670 /* Main.storyboard */; };
		6B114C1C251882E300F76670 /* BelieveAndRiseSwiftUITests.swift in Sources */ = {isa = PBXBuildFile; fileRef = 6B114C1B251882E300F76670 /* BelieveAndRiseSwiftUITests.swift */; };
		6B114C27251882E300F76670 /* BelieveAndRiseSwiftUIUITests.swift in Sources */ = {isa = PBXBuildFile; fileRef = 6B114C26251882E300F76670 /* BelieveAndRiseSwiftUIUITests.swift */; };
		6B179C3C2499E5ED00D3DC56 /* DialogSheet.xib in Resources */ = {isa = PBXBuildFile; fileRef = 6B179C3A2499E5ED00D3DC56 /* DialogSheet.xib */; };
		6B179C3E249B175400D3DC56 /* DialogSheet.swift in Sources */ = {isa = PBXBuildFile; fileRef = 6B179C392499E5ED00D3DC56 /* DialogSheet.swift */; };
		6B179C40249B17D200D3DC56 /* ServerSelectionDialogSheet.xib in Resources */ = {isa = PBXBuildFile; fileRef = 6B179C3F249B17D200D3DC56 /* ServerSelectionDialogSheet.xib */; };
		6B179C42249B17F600D3DC56 /* ServerSelectionDialogSheet.swift in Sources */ = {isa = PBXBuildFile; fileRef = 6B179C41249B17F600D3DC56 /* ServerSelectionDialogSheet.swift */; };
		6B2C64D0232517930017A1BC /* ChatBar.swift in Sources */ = {isa = PBXBuildFile; fileRef = 6B2C64CF232517930017A1BC /* ChatBar.swift */; };
		6B2C64D2232517A00017A1BC /* ChatBar.xib in Resources */ = {isa = PBXBuildFile; fileRef = 6B2C64D1232517A00017A1BC /* ChatBar.xib */; };
		6B30FB4B237D72F700A893C8 /* NSImage+RGB565.swift in Sources */ = {isa = PBXBuildFile; fileRef = 6B30FB4A237D72F700A893C8 /* NSImage+RGB565.swift */; };
		6B30FB4F237D73D600A893C8 /* MinimapView.swift in Sources */ = {isa = PBXBuildFile; fileRef = 6B30FB4E237D73D600A893C8 /* MinimapView.swift */; };
		6B37421924D352C9000E0BBD /* FormViewController.swift in Sources */ = {isa = PBXBuildFile; fileRef = 6B37421724D352C9000E0BBD /* FormViewController.swift */; };
		6B37421A24D352C9000E0BBD /* FormViewController.xib in Resources */ = {isa = PBXBuildFile; fileRef = 6B37421824D352C9000E0BBD /* FormViewController.xib */; };
		6B4266022391FA3E00AB46A2 /* BattleroomViewController.swift in Sources */ = {isa = PBXBuildFile; fileRef = 6B4266002391FA3E00AB46A2 /* BattleroomViewController.swift */; };
		6B4266032391FA3E00AB46A2 /* BattleroomViewController.xib in Resources */ = {isa = PBXBuildFile; fileRef = 6B4266012391FA3E00AB46A2 /* BattleroomViewController.xib */; };
		6B4F07692321151800B52C7E /* MainWindowController.swift in Sources */ = {isa = PBXBuildFile; fileRef = 6B4F07672321151800B52C7E /* MainWindowController.swift */; };
		6B4F076A2321151800B52C7E /* MainWindowController.xib in Resources */ = {isa = PBXBuildFile; fileRef = 6B4F07682321151800B52C7E /* MainWindowController.xib */; };
		6B6340BB2519909000C1CBCB /* MacOSWindowManager.swift in Sources */ = {isa = PBXBuildFile; fileRef = 6B6340BA2519909000C1CBCB /* MacOSWindowManager.swift */; };
		6B6340DB2519916100C1CBCB /* MacOSClientWindowManager.swift in Sources */ = {isa = PBXBuildFile; fileRef = 6B6340DA2519916100C1CBCB /* MacOSClientWindowManager.swift */; };
		6B7304A123E7B5FA0027E757 /* ResizeTrackingSplitViewController.swift in Sources */ = {isa = PBXBuildFile; fileRef = 6B7304A023E7B5FA0027E757 /* ResizeTrackingSplitViewController.swift */; };
		6B7304A423E7B63B0027E757 /* SplitViewControllerResizeDelegate.swift in Sources */ = {isa = PBXBuildFile; fileRef = 6B7304A323E7B63B0027E757 /* SplitViewControllerResizeDelegate.swift */; };
		6B7304A623E7B64F0027E757 /* MainSplitViewControllerResizeDelegate.swift in Sources */ = {isa = PBXBuildFile; fileRef = 6B7304A523E7B64F0027E757 /* MainSplitViewControllerResizeDelegate.swift */; };
		6B7304A823E7DB5E0027E757 /* InterfaceDefaultsController.swift in Sources */ = {isa = PBXBuildFile; fileRef = 6B7304A723E7DB5E0027E757 /* InterfaceDefaultsController.swift */; };
		6B745D5F24D04FE200A4ED4D /* BattleroomSetupViewController.swift in Sources */ = {isa = PBXBuildFile; fileRef = 6B745D5D24D04FE200A4ED4D /* BattleroomSetupViewController.swift */; };
		6B745D6024D04FE200A4ED4D /* BattleroomSetupViewController.xib in Resources */ = {isa = PBXBuildFile; fileRef = 6B745D5E24D04FE200A4ED4D /* BattleroomSetupViewController.xib */; };
		6B79F0B524D37B1F00CDD892 /* NSStackView+animations.swift in Sources */ = {isa = PBXBuildFile; fileRef = 6B79F0B424D37B1F00CDD892 /* NSStackView+animations.swift */; };
		6B7C82D622D9489A0031F9C9 /* UserAuthenticationViewController.swift in Sources */ = {isa = PBXBuildFile; fileRef = 6B7C82D422D9489A0031F9C9 /* UserAuthenticationViewController.swift */; };
		6B7C82D722D9489A0031F9C9 /* UserAuthenticationViewController.xib in Resources */ = {isa = PBXBuildFile; fileRef = 6B7C82D522D9489A0031F9C9 /* UserAuthenticationViewController.xib */; };
		6B7EBD26239A108D0071BE22 /* BattleroomHeaderView.xib in Resources */ = {isa = PBXBuildFile; fileRef = 6B7EBD25239A108D0071BE22 /* BattleroomHeaderView.xib */; };
		6B880614249BBF1E00BAF05B /* DualTextInputDialogSheet.swift in Sources */ = {isa = PBXBuildFile; fileRef = 6B880612249BBF1E00BAF05B /* DualTextInputDialogSheet.swift */; };
		6B880615249BBF1E00BAF05B /* DualTextInputDialogSheet.xib in Resources */ = {isa = PBXBuildFile; fileRef = 6B880613249BBF1E00BAF05B /* DualTextInputDialogSheet.xib */; };
		6B880619249BCC3700BAF05B /* SingleTextInputDialogSheet.swift in Sources */ = {isa = PBXBuildFile; fileRef = 6B880617249BCC3700BAF05B /* SingleTextInputDialogSheet.swift */; };
		6B88061A249BCC3700BAF05B /* SingleTextInputDialogSheet.xib in Resources */ = {isa = PBXBuildFile; fileRef = 6B880618249BCC3700BAF05B /* SingleTextInputDialogSheet.xib */; };
		6BAF4ABA24A86F7F0078A64E /* TextViewController.swift in Sources */ = {isa = PBXBuildFile; fileRef = 6BAF4AB824A86F7F0078A64E /* TextViewController.swift */; };
		6BAF4ABB24A86F7F0078A64E /* TextViewController.xib in Resources */ = {isa = PBXBuildFile; fileRef = 6BAF4AB924A86F7F0078A64E /* TextViewController.xib */; };
		6BBBEFC5244D3E350063F2A0 /* Logger.swift in Sources */ = {isa = PBXBuildFile; fileRef = 6BBBEFC4244D3E350063F2A0 /* Logger.swift */; };
		6BBF44A4238B6AD80076B656 /* ChatLogViewController.swift in Sources */ = {isa = PBXBuildFile; fileRef = 6BBF44A3238B6AD80076B656 /* ChatLogViewController.swift */; };
		6BCC43AE2497BB8C00C7AA53 /* AccountViewController.swift in Sources */ = {isa = PBXBuildFile; fileRef = 6BCC43AC2497BB8C00C7AA53 /* AccountViewController.swift */; };
		6BCC43AF2497BB8C00C7AA53 /* AccountViewController.xib in Resources */ = {isa = PBXBuildFile; fileRef = 6BCC43AD2497BB8C00C7AA53 /* AccountViewController.xib */; };
		6BCC43B12497BCA100C7AA53 /* RankView.swift in Sources */ = {isa = PBXBuildFile; fileRef = 6BCC43B02497BCA100C7AA53 /* RankView.swift */; };
		6BCD568C24D48DC7001131BA /* NSView+addBacking.swift in Sources */ = {isa = PBXBuildFile; fileRef = 6BCD568B24D48DC7001131BA /* NSView+addBacking.swift */; };
		6BD56FA425199961002AC8E6 /* Formatter.swift in Sources */ = {isa = PBXBuildFile; fileRef = 6BD56FA325199961002AC8E6 /* Formatter.swift */; };
		6BE233B1232668E60029425E /* NSView+BackgroundColor.swift in Sources */ = {isa = PBXBuildFile; fileRef = 6BE233B0232668E60029425E /* NSView+BackgroundColor.swift */; };
		6BE233B423269ACE0029425E /* ChatViewController.swift in Sources */ = {isa = PBXBuildFile; fileRef = 6BE233B223269ACE0029425E /* ChatViewController.swift */; };
		6BE233B523269ACE0029425E /* ChatViewController.xib in Resources */ = {isa = PBXBuildFile; fileRef = 6BE233B323269ACE0029425E /* ChatViewController.xib */; };
		6BE233B723269ECA0029425E /* ChatBarController.swift in Sources */ = {isa = PBXBuildFile; fileRef = 6BE233B623269ECA0029425E /* ChatBarController.swift */; };
		6BE2495224D4ACB1000B5770 /* TestFormPageViewController.swift in Sources */ = {isa = PBXBuildFile; fileRef = 6BE2495024D4ACB1000B5770 /* TestFormPageViewController.swift */; };
		6BE2495324D4ACB1000B5770 /* TestFormPageViewController.xib in Resources */ = {isa = PBXBuildFile; fileRef = 6BE2495124D4ACB1000B5770 /* TestFormPageViewController.xib */; };
		6BEE6526239A8F2A0029528A /* LICENSE in Resources */ = {isa = PBXBuildFile; fileRef = 6BEE6525239A8F2A0029528A /* LICENSE */; };
		6BF044CA2391F50D008CCE3C /* BattleroomHeaderView.swift in Sources */ = {isa = PBXBuildFile; fileRef = 6BF044C92391F50D008CCE3C /* BattleroomHeaderView.swift */; };
		6BF7CD50256391350080CA02 /* UberserverClientCore in Frameworks */ = {isa = PBXBuildFile; productRef = 6BF7CD4F256391350080CA02 /* UberserverClientCore */; };
		6BF7CD58256391480080CA02 /* UberserverClientCore in Frameworks */ = {isa = PBXBuildFile; productRef = 6BF7CD57256391480080CA02 /* UberserverClientCore */; };
		6BF85C7A237C87C700A19493 /* NetworkExtension.framework in Frameworks */ = {isa = PBXBuildFile; fileRef = 6BF85C79237C87C700A19493 /* NetworkExtension.framework */; };
/* End PBXBuildFile section */

/* Begin PBXContainerItemProxy section */
		3E46334222C0C2D200AE0F2F /* PBXContainerItemProxy */ = {
			isa = PBXContainerItemProxy;
			containerPortal = 3E46332922C0C2D000AE0F2F /* Project object */;
			proxyType = 1;
			remoteGlobalIDString = 3E46333022C0C2D000AE0F2F;
			remoteInfo = BelieveAndRise;
		};
		3E46334D22C0C2D200AE0F2F /* PBXContainerItemProxy */ = {
			isa = PBXContainerItemProxy;
			containerPortal = 3E46332922C0C2D000AE0F2F /* Project object */;
			proxyType = 1;
			remoteGlobalIDString = 3E46333022C0C2D000AE0F2F;
			remoteInfo = BelieveAndRise;
		};
		6B114C18251882E300F76670 /* PBXContainerItemProxy */ = {
			isa = PBXContainerItemProxy;
			containerPortal = 3E46332922C0C2D000AE0F2F /* Project object */;
			proxyType = 1;
			remoteGlobalIDString = 6B114C02251882E000F76670;
			remoteInfo = BelieveAndRiseSwiftUI;
		};
		6B114C23251882E300F76670 /* PBXContainerItemProxy */ = {
			isa = PBXContainerItemProxy;
			containerPortal = 3E46332922C0C2D000AE0F2F /* Project object */;
			proxyType = 1;
			remoteGlobalIDString = 6B114C02251882E000F76670;
			remoteInfo = BelieveAndRiseSwiftUI;
		};
/* End PBXContainerItemProxy section */

/* Begin PBXFileReference section */
		3E33C9D822C203B200C340F9 /* ListViewController.swift */ = {isa = PBXFileReference; fileEncoding = 4; lastKnownFileType = sourcecode.swift; path = ListViewController.swift; sourceTree = "<group>"; };
		3E46333122C0C2D000AE0F2F /* BelieveAndRise.app */ = {isa = PBXFileReference; explicitFileType = wrapper.application; includeInIndex = 0; path = BelieveAndRise.app; sourceTree = BUILT_PRODUCTS_DIR; };
		3E46333422C0C2D000AE0F2F /* AppDelegate.swift */ = {isa = PBXFileReference; lastKnownFileType = sourcecode.swift; path = AppDelegate.swift; sourceTree = "<group>"; };
		3E46333622C0C2D200AE0F2F /* Assets.xcassets */ = {isa = PBXFileReference; lastKnownFileType = folder.assetcatalog; path = Assets.xcassets; sourceTree = "<group>"; };
		3E46333922C0C2D200AE0F2F /* Base */ = {isa = PBXFileReference; lastKnownFileType = file.xib; name = Base; path = Base.lproj/MainMenu.xib; sourceTree = "<group>"; };
		3E46333B22C0C2D200AE0F2F /* Info.plist */ = {isa = PBXFileReference; lastKnownFileType = text.plist.xml; path = Info.plist; sourceTree = "<group>"; };
		3E46333C22C0C2D200AE0F2F /* BelieveAndRise.entitlements */ = {isa = PBXFileReference; lastKnownFileType = text.plist.entitlements; path = BelieveAndRise.entitlements; sourceTree = "<group>"; };
		3E46334122C0C2D200AE0F2F /* BelieveAndRiseTests.xctest */ = {isa = PBXFileReference; explicitFileType = wrapper.cfbundle; includeInIndex = 0; path = BelieveAndRiseTests.xctest; sourceTree = BUILT_PRODUCTS_DIR; };
		3E46334522C0C2D200AE0F2F /* BelieveAndRiseTests.swift */ = {isa = PBXFileReference; lastKnownFileType = sourcecode.swift; path = BelieveAndRiseTests.swift; sourceTree = "<group>"; };
		3E46334722C0C2D200AE0F2F /* Info.plist */ = {isa = PBXFileReference; lastKnownFileType = text.plist.xml; path = Info.plist; sourceTree = "<group>"; };
		3E46334C22C0C2D200AE0F2F /* BelieveAndRiseUITests.xctest */ = {isa = PBXFileReference; explicitFileType = wrapper.cfbundle; includeInIndex = 0; path = BelieveAndRiseUITests.xctest; sourceTree = BUILT_PRODUCTS_DIR; };
		3E46335022C0C2D200AE0F2F /* BelieveAndRiseUITests.swift */ = {isa = PBXFileReference; lastKnownFileType = sourcecode.swift; path = BelieveAndRiseUITests.swift; sourceTree = "<group>"; };
		3E46335222C0C2D200AE0F2F /* Info.plist */ = {isa = PBXFileReference; lastKnownFileType = text.plist.xml; path = Info.plist; sourceTree = "<group>"; };
		3E77161E22C175A800B8C6C0 /* TableSectionHeaderView.swift */ = {isa = PBXFileReference; lastKnownFileType = sourcecode.swift; path = TableSectionHeaderView.swift; sourceTree = "<group>"; };
		3E77162022C175E500B8C6C0 /* SingleColumnTableColumnRowView.swift */ = {isa = PBXFileReference; lastKnownFileType = sourcecode.swift; path = SingleColumnTableColumnRowView.swift; sourceTree = "<group>"; };
		3E77162222C1762A00B8C6C0 /* SingleColumnTableColumnRowView.xib */ = {isa = PBXFileReference; lastKnownFileType = file.xib; path = SingleColumnTableColumnRowView.xib; sourceTree = "<group>"; };
		3E77162422C1775A00B8C6C0 /* NibLoadable.swift */ = {isa = PBXFileReference; lastKnownFileType = sourcecode.swift; path = NibLoadable.swift; sourceTree = "<group>"; };
		3E77162622C179E500B8C6C0 /* TableHeaderData.swift */ = {isa = PBXFileReference; lastKnownFileType = sourcecode.swift; path = TableHeaderData.swift; sourceTree = "<group>"; };
		3E77162C22C180F700B8C6C0 /* TableSectionHeaderView.xib */ = {isa = PBXFileReference; lastKnownFileType = file.xib; path = TableSectionHeaderView.xib; sourceTree = "<group>"; };
		3E7C827A239CC25F004B835D /* DownloadItemViewProvider.swift */ = {isa = PBXFileReference; fileEncoding = 4; lastKnownFileType = sourcecode.swift; path = DownloadItemViewProvider.swift; sourceTree = "<group>"; };
		3E7C827C239CC25F004B835D /* DownloadListSelectionHandler.swift */ = {isa = PBXFileReference; fileEncoding = 4; lastKnownFileType = sourcecode.swift; path = DownloadListSelectionHandler.swift; sourceTree = "<group>"; };
		3E7C8282239CC312004B835D /* RankIngameAndUsernameView.swift */ = {isa = PBXFileReference; fileEncoding = 4; lastKnownFileType = sourcecode.swift; path = RankIngameAndUsernameView.swift; sourceTree = "<group>"; };
		3E7C8283239CC312004B835D /* RankIngameAndUsernameView.xib */ = {isa = PBXFileReference; fileEncoding = 4; lastKnownFileType = file.xib; path = RankIngameAndUsernameView.xib; sourceTree = "<group>"; };
		3E7C8286239CC33D004B835D /* DownloadItemView.swift */ = {isa = PBXFileReference; fileEncoding = 4; lastKnownFileType = sourcecode.swift; path = DownloadItemView.swift; sourceTree = "<group>"; };
		3E7C8287239CC33D004B835D /* DownloadItemView.xib */ = {isa = PBXFileReference; fileEncoding = 4; lastKnownFileType = file.xib; path = DownloadItemView.xib; sourceTree = "<group>"; };
		3E86E056237B087B0032BCBF /* StartRectOverlayView.swift */ = {isa = PBXFileReference; lastKnownFileType = sourcecode.swift; path = StartRectOverlayView.swift; sourceTree = "<group>"; };
		3E86E058237B08840032BCBF /* StartRectOverlayView.xib */ = {isa = PBXFileReference; lastKnownFileType = file.xib; path = StartRectOverlayView.xib; sourceTree = "<group>"; };
		3EB5912A22C1A71200103CDE /* BelieveAndRise-Bridging-Header.h */ = {isa = PBXFileReference; lastKnownFileType = sourcecode.c.h; path = "BelieveAndRise-Bridging-Header.h"; sourceTree = "<group>"; };
		3EF20F7322F825D10005650E /* ListViewController.xib */ = {isa = PBXFileReference; lastKnownFileType = file.xib; path = ListViewController.xib; sourceTree = "<group>"; };
		6B08BD7623927AF6001F9C3F /* ExtendedChatMessageView.swift */ = {isa = PBXFileReference; lastKnownFileType = sourcecode.swift; path = ExtendedChatMessageView.swift; sourceTree = "<group>"; };
		6B08BD7823927B05001F9C3F /* ExtendedChatMessageView.xib */ = {isa = PBXFileReference; lastKnownFileType = file.xib; path = ExtendedChatMessageView.xib; sourceTree = "<group>"; };
		6B114C03251882E000F76670 /* BelieveAndRiseSwiftUI.app */ = {isa = PBXFileReference; explicitFileType = wrapper.application; includeInIndex = 0; path = BelieveAndRiseSwiftUI.app; sourceTree = BUILT_PRODUCTS_DIR; };
		6B114C05251882E000F76670 /* AppDelegate.swift */ = {isa = PBXFileReference; lastKnownFileType = sourcecode.swift; path = AppDelegate.swift; sourceTree = "<group>"; };
		6B114C07251882E000F76670 /* ContentView.swift */ = {isa = PBXFileReference; lastKnownFileType = sourcecode.swift; path = ContentView.swift; sourceTree = "<group>"; };
		6B114C09251882E200F76670 /* Assets.xcassets */ = {isa = PBXFileReference; lastKnownFileType = folder.assetcatalog; path = Assets.xcassets; sourceTree = "<group>"; };
		6B114C0C251882E200F76670 /* Preview Assets.xcassets */ = {isa = PBXFileReference; lastKnownFileType = folder.assetcatalog; path = "Preview Assets.xcassets"; sourceTree = "<group>"; };
		6B114C0F251882E200F76670 /* Base */ = {isa = PBXFileReference; lastKnownFileType = file.storyboard; name = Base; path = Base.lproj/Main.storyboard; sourceTree = "<group>"; };
		6B114C11251882E200F76670 /* Info.plist */ = {isa = PBXFileReference; lastKnownFileType = text.plist.xml; path = Info.plist; sourceTree = "<group>"; };
		6B114C12251882E200F76670 /* BelieveAndRiseSwiftUI.entitlements */ = {isa = PBXFileReference; lastKnownFileType = text.plist.entitlements; path = BelieveAndRiseSwiftUI.entitlements; sourceTree = "<group>"; };
		6B114C17251882E300F76670 /* BelieveAndRiseSwiftUITests.xctest */ = {isa = PBXFileReference; explicitFileType = wrapper.cfbundle; includeInIndex = 0; path = BelieveAndRiseSwiftUITests.xctest; sourceTree = BUILT_PRODUCTS_DIR; };
		6B114C1B251882E300F76670 /* BelieveAndRiseSwiftUITests.swift */ = {isa = PBXFileReference; lastKnownFileType = sourcecode.swift; path = BelieveAndRiseSwiftUITests.swift; sourceTree = "<group>"; };
		6B114C1D251882E300F76670 /* Info.plist */ = {isa = PBXFileReference; lastKnownFileType = text.plist.xml; path = Info.plist; sourceTree = "<group>"; };
		6B114C22251882E300F76670 /* BelieveAndRiseSwiftUIUITests.xctest */ = {isa = PBXFileReference; explicitFileType = wrapper.cfbundle; includeInIndex = 0; path = BelieveAndRiseSwiftUIUITests.xctest; sourceTree = BUILT_PRODUCTS_DIR; };
		6B114C26251882E300F76670 /* BelieveAndRiseSwiftUIUITests.swift */ = {isa = PBXFileReference; lastKnownFileType = sourcecode.swift; path = BelieveAndRiseSwiftUIUITests.swift; sourceTree = "<group>"; };
		6B114C28251882E300F76670 /* Info.plist */ = {isa = PBXFileReference; lastKnownFileType = text.plist.xml; path = Info.plist; sourceTree = "<group>"; };
		6B179C392499E5ED00D3DC56 /* DialogSheet.swift */ = {isa = PBXFileReference; lastKnownFileType = sourcecode.swift; path = DialogSheet.swift; sourceTree = "<group>"; };
		6B179C3A2499E5ED00D3DC56 /* DialogSheet.xib */ = {isa = PBXFileReference; lastKnownFileType = file.xib; path = DialogSheet.xib; sourceTree = "<group>"; };
		6B179C3F249B17D200D3DC56 /* ServerSelectionDialogSheet.xib */ = {isa = PBXFileReference; lastKnownFileType = file.xib; path = ServerSelectionDialogSheet.xib; sourceTree = "<group>"; };
		6B179C41249B17F600D3DC56 /* ServerSelectionDialogSheet.swift */ = {isa = PBXFileReference; lastKnownFileType = sourcecode.swift; path = ServerSelectionDialogSheet.swift; sourceTree = "<group>"; };
		6B2C64CF232517930017A1BC /* ChatBar.swift */ = {isa = PBXFileReference; lastKnownFileType = sourcecode.swift; path = ChatBar.swift; sourceTree = "<group>"; };
		6B2C64D1232517A00017A1BC /* ChatBar.xib */ = {isa = PBXFileReference; lastKnownFileType = file.xib; path = ChatBar.xib; sourceTree = "<group>"; };
		6B30FB4A237D72F700A893C8 /* NSImage+RGB565.swift */ = {isa = PBXFileReference; fileEncoding = 4; lastKnownFileType = sourcecode.swift; path = "NSImage+RGB565.swift"; sourceTree = "<group>"; };
		6B30FB4E237D73D600A893C8 /* MinimapView.swift */ = {isa = PBXFileReference; lastKnownFileType = sourcecode.swift; path = MinimapView.swift; sourceTree = "<group>"; };
		6B37421724D352C9000E0BBD /* FormViewController.swift */ = {isa = PBXFileReference; lastKnownFileType = sourcecode.swift; path = FormViewController.swift; sourceTree = "<group>"; };
		6B37421824D352C9000E0BBD /* FormViewController.xib */ = {isa = PBXFileReference; lastKnownFileType = file.xib; path = FormViewController.xib; sourceTree = "<group>"; };
		6B4266002391FA3E00AB46A2 /* BattleroomViewController.swift */ = {isa = PBXFileReference; lastKnownFileType = sourcecode.swift; path = BattleroomViewController.swift; sourceTree = "<group>"; };
		6B4266012391FA3E00AB46A2 /* BattleroomViewController.xib */ = {isa = PBXFileReference; lastKnownFileType = file.xib; path = BattleroomViewController.xib; sourceTree = "<group>"; };
		6B4F07672321151800B52C7E /* MainWindowController.swift */ = {isa = PBXFileReference; lastKnownFileType = sourcecode.swift; path = MainWindowController.swift; sourceTree = "<group>"; };
		6B4F07682321151800B52C7E /* MainWindowController.xib */ = {isa = PBXFileReference; lastKnownFileType = file.xib; path = MainWindowController.xib; sourceTree = "<group>"; };
		6B6340BA2519909000C1CBCB /* MacOSWindowManager.swift */ = {isa = PBXFileReference; lastKnownFileType = sourcecode.swift; path = MacOSWindowManager.swift; sourceTree = "<group>"; };
		6B6340DA2519916100C1CBCB /* MacOSClientWindowManager.swift */ = {isa = PBXFileReference; lastKnownFileType = sourcecode.swift; path = MacOSClientWindowManager.swift; sourceTree = "<group>"; };
		6B7304A023E7B5FA0027E757 /* ResizeTrackingSplitViewController.swift */ = {isa = PBXFileReference; lastKnownFileType = sourcecode.swift; path = ResizeTrackingSplitViewController.swift; sourceTree = "<group>"; };
		6B7304A323E7B63B0027E757 /* SplitViewControllerResizeDelegate.swift */ = {isa = PBXFileReference; lastKnownFileType = sourcecode.swift; path = SplitViewControllerResizeDelegate.swift; sourceTree = "<group>"; };
		6B7304A523E7B64F0027E757 /* MainSplitViewControllerResizeDelegate.swift */ = {isa = PBXFileReference; lastKnownFileType = sourcecode.swift; path = MainSplitViewControllerResizeDelegate.swift; sourceTree = "<group>"; };
		6B7304A723E7DB5E0027E757 /* InterfaceDefaultsController.swift */ = {isa = PBXFileReference; lastKnownFileType = sourcecode.swift; path = InterfaceDefaultsController.swift; sourceTree = "<group>"; };
		6B745D5D24D04FE200A4ED4D /* BattleroomSetupViewController.swift */ = {isa = PBXFileReference; lastKnownFileType = sourcecode.swift; path = BattleroomSetupViewController.swift; sourceTree = "<group>"; };
		6B745D5E24D04FE200A4ED4D /* BattleroomSetupViewController.xib */ = {isa = PBXFileReference; lastKnownFileType = file.xib; path = BattleroomSetupViewController.xib; sourceTree = "<group>"; };
		6B79F0B424D37B1F00CDD892 /* NSStackView+animations.swift */ = {isa = PBXFileReference; fileEncoding = 4; lastKnownFileType = sourcecode.swift; path = "NSStackView+animations.swift"; sourceTree = "<group>"; };
		6B7C82D422D9489A0031F9C9 /* UserAuthenticationViewController.swift */ = {isa = PBXFileReference; lastKnownFileType = sourcecode.swift; path = UserAuthenticationViewController.swift; sourceTree = "<group>"; };
		6B7C82D522D9489A0031F9C9 /* UserAuthenticationViewController.xib */ = {isa = PBXFileReference; lastKnownFileType = file.xib; path = UserAuthenticationViewController.xib; sourceTree = "<group>"; };
		6B7EBD25239A108D0071BE22 /* BattleroomHeaderView.xib */ = {isa = PBXFileReference; lastKnownFileType = file.xib; path = BattleroomHeaderView.xib; sourceTree = "<group>"; };
		6B880612249BBF1E00BAF05B /* DualTextInputDialogSheet.swift */ = {isa = PBXFileReference; lastKnownFileType = sourcecode.swift; path = DualTextInputDialogSheet.swift; sourceTree = "<group>"; };
		6B880613249BBF1E00BAF05B /* DualTextInputDialogSheet.xib */ = {isa = PBXFileReference; lastKnownFileType = file.xib; path = DualTextInputDialogSheet.xib; sourceTree = "<group>"; };
		6B880617249BCC3700BAF05B /* SingleTextInputDialogSheet.swift */ = {isa = PBXFileReference; lastKnownFileType = sourcecode.swift; path = SingleTextInputDialogSheet.swift; sourceTree = "<group>"; };
		6B880618249BCC3700BAF05B /* SingleTextInputDialogSheet.xib */ = {isa = PBXFileReference; lastKnownFileType = file.xib; path = SingleTextInputDialogSheet.xib; sourceTree = "<group>"; };
		6BAF4AB824A86F7F0078A64E /* TextViewController.swift */ = {isa = PBXFileReference; lastKnownFileType = sourcecode.swift; path = TextViewController.swift; sourceTree = "<group>"; };
		6BAF4AB924A86F7F0078A64E /* TextViewController.xib */ = {isa = PBXFileReference; lastKnownFileType = file.xib; path = TextViewController.xib; sourceTree = "<group>"; };
		6BBBEFC4244D3E350063F2A0 /* Logger.swift */ = {isa = PBXFileReference; lastKnownFileType = sourcecode.swift; path = Logger.swift; sourceTree = "<group>"; };
		6BBF44A3238B6AD80076B656 /* ChatLogViewController.swift */ = {isa = PBXFileReference; lastKnownFileType = sourcecode.swift; path = ChatLogViewController.swift; sourceTree = "<group>"; };
		6BCC43AC2497BB8C00C7AA53 /* AccountViewController.swift */ = {isa = PBXFileReference; lastKnownFileType = sourcecode.swift; path = AccountViewController.swift; sourceTree = "<group>"; };
		6BCC43AD2497BB8C00C7AA53 /* AccountViewController.xib */ = {isa = PBXFileReference; lastKnownFileType = file.xib; path = AccountViewController.xib; sourceTree = "<group>"; };
		6BCC43B02497BCA100C7AA53 /* RankView.swift */ = {isa = PBXFileReference; lastKnownFileType = sourcecode.swift; path = RankView.swift; sourceTree = "<group>"; };
		6BCD568B24D48DC7001131BA /* NSView+addBacking.swift */ = {isa = PBXFileReference; lastKnownFileType = sourcecode.swift; path = "NSView+addBacking.swift"; sourceTree = "<group>"; };
		6BD56FA325199961002AC8E6 /* Formatter.swift */ = {isa = PBXFileReference; fileEncoding = 4; lastKnownFileType = sourcecode.swift; path = Formatter.swift; sourceTree = "<group>"; };
		6BD56FBB2519E2D8002AC8E6 /* BelieveAndRiseSwiftUIDebug.entitlements */ = {isa = PBXFileReference; lastKnownFileType = text.plist.entitlements; path = BelieveAndRiseSwiftUIDebug.entitlements; sourceTree = "<group>"; };
		6BE233B0232668E60029425E /* NSView+BackgroundColor.swift */ = {isa = PBXFileReference; fileEncoding = 4; lastKnownFileType = sourcecode.swift; path = "NSView+BackgroundColor.swift"; sourceTree = "<group>"; };
		6BE233B223269ACE0029425E /* ChatViewController.swift */ = {isa = PBXFileReference; lastKnownFileType = sourcecode.swift; name = ChatViewController.swift; path = BelieveAndRise/UI/ViewController/ChatViewController/ChatViewController.swift; sourceTree = SOURCE_ROOT; };
		6BE233B323269ACE0029425E /* ChatViewController.xib */ = {isa = PBXFileReference; lastKnownFileType = file.xib; name = ChatViewController.xib; path = BelieveAndRise/UI/ViewController/ChatViewController/ChatViewController.xib; sourceTree = SOURCE_ROOT; };
		6BE233B623269ECA0029425E /* ChatBarController.swift */ = {isa = PBXFileReference; fileEncoding = 4; lastKnownFileType = sourcecode.swift; path = ChatBarController.swift; sourceTree = "<group>"; };
		6BE2495024D4ACB1000B5770 /* TestFormPageViewController.swift */ = {isa = PBXFileReference; lastKnownFileType = sourcecode.swift; path = TestFormPageViewController.swift; sourceTree = "<group>"; };
		6BE2495124D4ACB1000B5770 /* TestFormPageViewController.xib */ = {isa = PBXFileReference; lastKnownFileType = file.xib; path = TestFormPageViewController.xib; sourceTree = "<group>"; };
		6BEE6525239A8F2A0029528A /* LICENSE */ = {isa = PBXFileReference; lastKnownFileType = text; path = LICENSE; sourceTree = "<group>"; };
		6BF044C92391F50D008CCE3C /* BattleroomHeaderView.swift */ = {isa = PBXFileReference; lastKnownFileType = sourcecode.swift; path = BattleroomHeaderView.swift; sourceTree = "<group>"; };
		6BF85C79237C87C700A19493 /* NetworkExtension.framework */ = {isa = PBXFileReference; lastKnownFileType = wrapper.framework; name = NetworkExtension.framework; path = System/Library/Frameworks/NetworkExtension.framework; sourceTree = SDKROOT; };
/* End PBXFileReference section */

/* Begin PBXFrameworksBuildPhase section */
		3E46332E22C0C2D000AE0F2F /* Frameworks */ = {
			isa = PBXFrameworksBuildPhase;
			buildActionMask = 2147483647;
			files = (
				6BF85C7A237C87C700A19493 /* NetworkExtension.framework in Frameworks */,
				6BF7CD50256391350080CA02 /* UberserverClientCore in Frameworks */,
			);
			runOnlyForDeploymentPostprocessing = 0;
		};
		3E46333E22C0C2D200AE0F2F /* Frameworks */ = {
			isa = PBXFrameworksBuildPhase;
			buildActionMask = 2147483647;
			files = (
			);
			runOnlyForDeploymentPostprocessing = 0;
		};
		3E46334922C0C2D200AE0F2F /* Frameworks */ = {
			isa = PBXFrameworksBuildPhase;
			buildActionMask = 2147483647;
			files = (
			);
			runOnlyForDeploymentPostprocessing = 0;
		};
		6B114C00251882E000F76670 /* Frameworks */ = {
			isa = PBXFrameworksBuildPhase;
			buildActionMask = 2147483647;
			files = (
				6BF7CD58256391480080CA02 /* UberserverClientCore in Frameworks */,
			);
			runOnlyForDeploymentPostprocessing = 0;
		};
		6B114C14251882E300F76670 /* Frameworks */ = {
			isa = PBXFrameworksBuildPhase;
			buildActionMask = 2147483647;
			files = (
			);
			runOnlyForDeploymentPostprocessing = 0;
		};
		6B114C1F251882E300F76670 /* Frameworks */ = {
			isa = PBXFrameworksBuildPhase;
			buildActionMask = 2147483647;
			files = (
			);
			runOnlyForDeploymentPostprocessing = 0;
		};
/* End PBXFrameworksBuildPhase section */

/* Begin PBXGroup section */
		3E04709B22CD71B5005241E6 /* ListViewController */ = {
			isa = PBXGroup;
			children = (
				3E77162622C179E500B8C6C0 /* TableHeaderData.swift */,
				3E33C9D822C203B200C340F9 /* ListViewController.swift */,
				3EF20F7322F825D10005650E /* ListViewController.xib */,
			);
			path = ListViewController;
			sourceTree = "<group>";
		};
		3E46332822C0C2D000AE0F2F = {
			isa = PBXGroup;
			children = (
				3EB5912A22C1A71200103CDE /* BelieveAndRise-Bridging-Header.h */,
				3E46333322C0C2D000AE0F2F /* BelieveAndRise */,
				3E46334422C0C2D200AE0F2F /* BelieveAndRiseTests */,
				3E46334F22C0C2D200AE0F2F /* BelieveAndRiseUITests */,
				6B114C04251882E000F76670 /* BelieveAndRiseSwiftUI */,
				6B114C1A251882E300F76670 /* BelieveAndRiseSwiftUITests */,
				6B114C25251882E300F76670 /* BelieveAndRiseSwiftUIUITests */,
				3E46333222C0C2D000AE0F2F /* Products */,
				6BF85C78237C87C700A19493 /* Frameworks */,
			);
			sourceTree = "<group>";
		};
		3E46333222C0C2D000AE0F2F /* Products */ = {
			isa = PBXGroup;
			children = (
				3E46333122C0C2D000AE0F2F /* BelieveAndRise.app */,
				3E46334122C0C2D200AE0F2F /* BelieveAndRiseTests.xctest */,
				3E46334C22C0C2D200AE0F2F /* BelieveAndRiseUITests.xctest */,
				6B114C03251882E000F76670 /* BelieveAndRiseSwiftUI.app */,
				6B114C17251882E300F76670 /* BelieveAndRiseSwiftUITests.xctest */,
				6B114C22251882E300F76670 /* BelieveAndRiseSwiftUIUITests.xctest */,
			);
			name = Products;
			sourceTree = "<group>";
		};
		3E46333322C0C2D000AE0F2F /* BelieveAndRise */ = {
			isa = PBXGroup;
			children = (
				6BBBEFC4244D3E350063F2A0 /* Logger.swift */,
				6BAF4AB824A86F7F0078A64E /* TextViewController.swift */,
				6BAF4AB924A86F7F0078A64E /* TextViewController.xib */,
				6BEE6525239A8F2A0029528A /* LICENSE */,
				3E46333422C0C2D000AE0F2F /* AppDelegate.swift */,
				6BD56FA325199961002AC8E6 /* Formatter.swift */,
				6BAE46C22379A8300065CD53 /* Utility */,
				3E7C8281239CC267004B835D /* Downloads */,
				6BAE46C32379A8480065CD53 /* UI */,
				3E46333622C0C2D200AE0F2F /* Assets.xcassets */,
				3E46333822C0C2D200AE0F2F /* MainMenu.xib */,
				3E46333B22C0C2D200AE0F2F /* Info.plist */,
				3E46333C22C0C2D200AE0F2F /* BelieveAndRise.entitlements */,
			);
			path = BelieveAndRise;
			sourceTree = "<group>";
		};
		3E46334422C0C2D200AE0F2F /* BelieveAndRiseTests */ = {
			isa = PBXGroup;
			children = (
				3E46334522C0C2D200AE0F2F /* BelieveAndRiseTests.swift */,
				3E46334722C0C2D200AE0F2F /* Info.plist */,
			);
			path = BelieveAndRiseTests;
			sourceTree = "<group>";
		};
		3E46334F22C0C2D200AE0F2F /* BelieveAndRiseUITests */ = {
			isa = PBXGroup;
			children = (
				3E46335022C0C2D200AE0F2F /* BelieveAndRiseUITests.swift */,
				3E46335222C0C2D200AE0F2F /* Info.plist */,
			);
			path = BelieveAndRiseUITests;
			sourceTree = "<group>";
		};
		3E46336B22C0C7CC00AE0F2F /* ViewController */ = {
			isa = PBXGroup;
			children = (
				6B395F5B2325C52C00D35686 /* ChatViewController */,
				6B179C3D249B161800D3DC56 /* DialogSheet */,
				6B7304A223E7B61F0027E757 /* SplitViewController */,
				6B8C499E22DD240D00C59FFF /* UserAuthentication */,
				6B8C499D22DD240000C59FFF /* ServerSelectionDialogSheet */,
				3E04709B22CD71B5005241E6 /* ListViewController */,
				6B7BE5F2238E5D530039697A /* Battleroom */,
				6BCC43AC2497BB8C00C7AA53 /* AccountViewController.swift */,
				6BCC43AD2497BB8C00C7AA53 /* AccountViewController.xib */,
			);
			path = ViewController;
			sourceTree = "<group>";
		};
		3E46336C22C0C7DD00AE0F2F /* View */ = {
			isa = PBXGroup;
			children = (
				3E7C8286239CC33D004B835D /* DownloadItemView.swift */,
				3E7C8287239CC33D004B835D /* DownloadItemView.xib */,
				3E7C8282239CC312004B835D /* RankIngameAndUsernameView.swift */,
				3E7C8283239CC312004B835D /* RankIngameAndUsernameView.xib */,
				6B30FB4E237D73D600A893C8 /* MinimapView.swift */,
				6BCC43B02497BCA100C7AA53 /* RankView.swift */,
				3E77161E22C175A800B8C6C0 /* TableSectionHeaderView.swift */,
				3E77162C22C180F700B8C6C0 /* TableSectionHeaderView.xib */,
				3E77162022C175E500B8C6C0 /* SingleColumnTableColumnRowView.swift */,
				3E77162222C1762A00B8C6C0 /* SingleColumnTableColumnRowView.xib */,
				3E77162422C1775A00B8C6C0 /* NibLoadable.swift */,
			);
			path = View;
			sourceTree = "<group>";
		};
		3E7C8281239CC267004B835D /* Downloads */ = {
			isa = PBXGroup;
			children = (
				3E7C827A239CC25F004B835D /* DownloadItemViewProvider.swift */,
				3E7C827C239CC25F004B835D /* DownloadListSelectionHandler.swift */,
			);
			path = Downloads;
			sourceTree = "<group>";
		};
		6B114C04251882E000F76670 /* BelieveAndRiseSwiftUI */ = {
			isa = PBXGroup;
			children = (
				6BD56FBB2519E2D8002AC8E6 /* BelieveAndRiseSwiftUIDebug.entitlements */,
				6B114C05251882E000F76670 /* AppDelegate.swift */,
				6B114C07251882E000F76670 /* ContentView.swift */,
				6B114C09251882E200F76670 /* Assets.xcassets */,
				6B114C0E251882E200F76670 /* Main.storyboard */,
				6B114C11251882E200F76670 /* Info.plist */,
				6B114C12251882E200F76670 /* BelieveAndRiseSwiftUI.entitlements */,
				6B114C0B251882E200F76670 /* Preview Content */,
			);
			path = BelieveAndRiseSwiftUI;
			sourceTree = "<group>";
		};
		6B114C0B251882E200F76670 /* Preview Content */ = {
			isa = PBXGroup;
			children = (
				6B114C0C251882E200F76670 /* Preview Assets.xcassets */,
			);
			path = "Preview Content";
			sourceTree = "<group>";
		};
		6B114C1A251882E300F76670 /* BelieveAndRiseSwiftUITests */ = {
			isa = PBXGroup;
			children = (
				6B114C1B251882E300F76670 /* BelieveAndRiseSwiftUITests.swift */,
				6B114C1D251882E300F76670 /* Info.plist */,
			);
			path = BelieveAndRiseSwiftUITests;
			sourceTree = "<group>";
		};
		6B114C25251882E300F76670 /* BelieveAndRiseSwiftUIUITests */ = {
			isa = PBXGroup;
			children = (
				6B114C26251882E300F76670 /* BelieveAndRiseSwiftUIUITests.swift */,
				6B114C28251882E300F76670 /* Info.plist */,
			);
			path = BelieveAndRiseSwiftUIUITests;
			sourceTree = "<group>";
		};
		6B179C3D249B161800D3DC56 /* DialogSheet */ = {
			isa = PBXGroup;
			children = (
				6B179C392499E5ED00D3DC56 /* DialogSheet.swift */,
				6B179C3A2499E5ED00D3DC56 /* DialogSheet.xib */,
				6B880616249BCC1000BAF05B /* SingleTextInputDialogSheet */,
				6B880611249BBEED00BAF05B /* DualTextInputDialogViewController */,
			);
			path = DialogSheet;
			sourceTree = "<group>";
		};
		6B30FB50237D743500A893C8 /* Cocoa Extensions */ = {
			isa = PBXGroup;
			children = (
				6BCD568B24D48DC7001131BA /* NSView+addBacking.swift */,
				6B79F0B424D37B1F00CDD892 /* NSStackView+animations.swift */,
				6BE233B0232668E60029425E /* NSView+BackgroundColor.swift */,
				6B30FB4A237D72F700A893C8 /* NSImage+RGB565.swift */,
			);
			path = "Cocoa Extensions";
			sourceTree = "<group>";
		};
		6B395F5B2325C52C00D35686 /* ChatViewController */ = {
			isa = PBXGroup;
			children = (
				6BE233B623269ECA0029425E /* ChatBarController.swift */,
				6B2C64CF232517930017A1BC /* ChatBar.swift */,
				6B2C64D1232517A00017A1BC /* ChatBar.xib */,
				6BE233B223269ACE0029425E /* ChatViewController.swift */,
				6BBF44A3238B6AD80076B656 /* ChatLogViewController.swift */,
				6BE233B323269ACE0029425E /* ChatViewController.xib */,
			);
			path = ChatViewController;
			sourceTree = "<group>";
		};
		6B7304A223E7B61F0027E757 /* SplitViewController */ = {
			isa = PBXGroup;
			children = (
				6B7304A023E7B5FA0027E757 /* ResizeTrackingSplitViewController.swift */,
				6B7304A323E7B63B0027E757 /* SplitViewControllerResizeDelegate.swift */,
				6B7304A523E7B64F0027E757 /* MainSplitViewControllerResizeDelegate.swift */,
			);
			path = SplitViewController;
			sourceTree = "<group>";
		};
		6B7BE5F2238E5D530039697A /* Battleroom */ = {
			isa = PBXGroup;
			children = (
				6B745D5D24D04FE200A4ED4D /* BattleroomSetupViewController.swift */,
				6B745D5E24D04FE200A4ED4D /* BattleroomSetupViewController.xib */,
				6BF044C92391F50D008CCE3C /* BattleroomHeaderView.swift */,
				6B7EBD25239A108D0071BE22 /* BattleroomHeaderView.xib */,
				6B4266002391FA3E00AB46A2 /* BattleroomViewController.swift */,
				6B4266012391FA3E00AB46A2 /* BattleroomViewController.xib */,
				6B08BD7623927AF6001F9C3F /* ExtendedChatMessageView.swift */,
				6B08BD7823927B05001F9C3F /* ExtendedChatMessageView.xib */,
				6B7BE5F3238E5D710039697A /* Components */,
			);
			path = Battleroom;
			sourceTree = "<group>";
		};
		6B7BE5F3238E5D710039697A /* Components */ = {
			isa = PBXGroup;
			children = (
				3E86E056237B087B0032BCBF /* StartRectOverlayView.swift */,
				3E86E058237B08840032BCBF /* StartRectOverlayView.xib */,
			);
			path = Components;
			sourceTree = "<group>";
		};
		6B880611249BBEED00BAF05B /* DualTextInputDialogViewController */ = {
			isa = PBXGroup;
			children = (
				6B880612249BBF1E00BAF05B /* DualTextInputDialogSheet.swift */,
				6B880613249BBF1E00BAF05B /* DualTextInputDialogSheet.xib */,
			);
			path = DualTextInputDialogViewController;
			sourceTree = "<group>";
		};
		6B880616249BCC1000BAF05B /* SingleTextInputDialogSheet */ = {
			isa = PBXGroup;
			children = (
				6B880617249BCC3700BAF05B /* SingleTextInputDialogSheet.swift */,
				6B880618249BCC3700BAF05B /* SingleTextInputDialogSheet.xib */,
			);
			path = SingleTextInputDialogSheet;
			sourceTree = "<group>";
		};
		6B8C499D22DD240000C59FFF /* ServerSelectionDialogSheet */ = {
			isa = PBXGroup;
			children = (
				6B179C41249B17F600D3DC56 /* ServerSelectionDialogSheet.swift */,
				6B179C3F249B17D200D3DC56 /* ServerSelectionDialogSheet.xib */,
			);
			path = ServerSelectionDialogSheet;
			sourceTree = "<group>";
		};
		6B8C499E22DD240D00C59FFF /* UserAuthentication */ = {
			isa = PBXGroup;
			children = (
				6B7C82D422D9489A0031F9C9 /* UserAuthenticationViewController.swift */,
				6B7C82D522D9489A0031F9C9 /* UserAuthenticationViewController.xib */,
			);
			path = UserAuthentication;
			sourceTree = "<group>";
		};
		6BAE46C12379A81C0065CD53 /* Main Window */ = {
			isa = PBXGroup;
			children = (
				6B4F07672321151800B52C7E /* MainWindowController.swift */,
				6B4F07682321151800B52C7E /* MainWindowController.xib */,
			);
			path = "Main Window";
			sourceTree = "<group>";
		};
		6BAE46C22379A8300065CD53 /* Utility */ = {
			isa = PBXGroup;
			children = (
				6B30FB50237D743500A893C8 /* Cocoa Extensions */,
			);
			path = Utility;
			sourceTree = "<group>";
		};
		6BAE46C32379A8480065CD53 /* UI */ = {
			isa = PBXGroup;
			children = (
				6BE2495024D4ACB1000B5770 /* TestFormPageViewController.swift */,
				6BE2495124D4ACB1000B5770 /* TestFormPageViewController.xib */,
				6B37421724D352C9000E0BBD /* FormViewController.swift */,
				6B37421824D352C9000E0BBD /* FormViewController.xib */,
				6B6340DA2519916100C1CBCB /* MacOSClientWindowManager.swift */,
				6B7304A723E7DB5E0027E757 /* InterfaceDefaultsController.swift */,
				3E46336C22C0C7DD00AE0F2F /* View */,
				3E46336B22C0C7CC00AE0F2F /* ViewController */,
				6BAE46C12379A81C0065CD53 /* Main Window */,
				6B6340BA2519909000C1CBCB /* MacOSWindowManager.swift */,
			);
			path = UI;
			sourceTree = "<group>";
		};
		6BF85C78237C87C700A19493 /* Frameworks */ = {
			isa = PBXGroup;
			children = (
				6BF85C79237C87C700A19493 /* NetworkExtension.framework */,
			);
			name = Frameworks;
			sourceTree = "<group>";
		};
/* End PBXGroup section */

/* Begin PBXNativeTarget section */
		3E46333022C0C2D000AE0F2F /* BelieveAndRise */ = {
			isa = PBXNativeTarget;
			buildConfigurationList = 3E46335522C0C2D200AE0F2F /* Build configuration list for PBXNativeTarget "BelieveAndRise" */;
			buildPhases = (
				3E46332D22C0C2D000AE0F2F /* Sources */,
				3E46332E22C0C2D000AE0F2F /* Frameworks */,
				3E46332F22C0C2D000AE0F2F /* Resources */,
			);
			buildRules = (
			);
			dependencies = (
			);
			name = BelieveAndRise;
			packageProductDependencies = (
				6BF7CD4F256391350080CA02 /* UberserverClientCore */,
			);
			productName = BelieveAndRise;
			productReference = 3E46333122C0C2D000AE0F2F /* BelieveAndRise.app */;
			productType = "com.apple.product-type.application";
		};
		3E46334022C0C2D200AE0F2F /* BelieveAndRiseTests */ = {
			isa = PBXNativeTarget;
			buildConfigurationList = 3E46335822C0C2D200AE0F2F /* Build configuration list for PBXNativeTarget "BelieveAndRiseTests" */;
			buildPhases = (
				3E46333D22C0C2D200AE0F2F /* Sources */,
				3E46333E22C0C2D200AE0F2F /* Frameworks */,
				3E46333F22C0C2D200AE0F2F /* Resources */,
			);
			buildRules = (
			);
			dependencies = (
				3E46334322C0C2D200AE0F2F /* PBXTargetDependency */,
			);
			name = BelieveAndRiseTests;
			productName = BelieveAndRiseTests;
			productReference = 3E46334122C0C2D200AE0F2F /* BelieveAndRiseTests.xctest */;
			productType = "com.apple.product-type.bundle.unit-test";
		};
		3E46334B22C0C2D200AE0F2F /* BelieveAndRiseUITests */ = {
			isa = PBXNativeTarget;
			buildConfigurationList = 3E46335B22C0C2D200AE0F2F /* Build configuration list for PBXNativeTarget "BelieveAndRiseUITests" */;
			buildPhases = (
				3E46334822C0C2D200AE0F2F /* Sources */,
				3E46334922C0C2D200AE0F2F /* Frameworks */,
				3E46334A22C0C2D200AE0F2F /* Resources */,
			);
			buildRules = (
			);
			dependencies = (
				3E46334E22C0C2D200AE0F2F /* PBXTargetDependency */,
			);
			name = BelieveAndRiseUITests;
			productName = BelieveAndRiseUITests;
			productReference = 3E46334C22C0C2D200AE0F2F /* BelieveAndRiseUITests.xctest */;
			productType = "com.apple.product-type.bundle.ui-testing";
		};
		6B114C02251882E000F76670 /* BelieveAndRiseSwiftUI */ = {
			isa = PBXNativeTarget;
			buildConfigurationList = 6B114C29251882E300F76670 /* Build configuration list for PBXNativeTarget "BelieveAndRiseSwiftUI" */;
			buildPhases = (
				6B114BFF251882E000F76670 /* Sources */,
				6B114C00251882E000F76670 /* Frameworks */,
				6B114C01251882E000F76670 /* Resources */,
			);
			buildRules = (
			);
			dependencies = (
			);
			name = BelieveAndRiseSwiftUI;
			packageProductDependencies = (
				6BF7CD57256391480080CA02 /* UberserverClientCore */,
			);
			productName = BelieveAndRiseSwiftUI;
			productReference = 6B114C03251882E000F76670 /* BelieveAndRiseSwiftUI.app */;
			productType = "com.apple.product-type.application";
		};
		6B114C16251882E300F76670 /* BelieveAndRiseSwiftUITests */ = {
			isa = PBXNativeTarget;
			buildConfigurationList = 6B114C2C251882E300F76670 /* Build configuration list for PBXNativeTarget "BelieveAndRiseSwiftUITests" */;
			buildPhases = (
				6B114C13251882E300F76670 /* Sources */,
				6B114C14251882E300F76670 /* Frameworks */,
				6B114C15251882E300F76670 /* Resources */,
			);
			buildRules = (
			);
			dependencies = (
				6B114C19251882E300F76670 /* PBXTargetDependency */,
			);
			name = BelieveAndRiseSwiftUITests;
			productName = BelieveAndRiseSwiftUITests;
			productReference = 6B114C17251882E300F76670 /* BelieveAndRiseSwiftUITests.xctest */;
			productType = "com.apple.product-type.bundle.unit-test";
		};
		6B114C21251882E300F76670 /* BelieveAndRiseSwiftUIUITests */ = {
			isa = PBXNativeTarget;
			buildConfigurationList = 6B114C2F251882E300F76670 /* Build configuration list for PBXNativeTarget "BelieveAndRiseSwiftUIUITests" */;
			buildPhases = (
				6B114C1E251882E300F76670 /* Sources */,
				6B114C1F251882E300F76670 /* Frameworks */,
				6B114C20251882E300F76670 /* Resources */,
			);
			buildRules = (
			);
			dependencies = (
				6B114C24251882E300F76670 /* PBXTargetDependency */,
			);
			name = BelieveAndRiseSwiftUIUITests;
			productName = BelieveAndRiseSwiftUIUITests;
			productReference = 6B114C22251882E300F76670 /* BelieveAndRiseSwiftUIUITests.xctest */;
			productType = "com.apple.product-type.bundle.ui-testing";
		};
/* End PBXNativeTarget section */

/* Begin PBXProject section */
		3E46332922C0C2D000AE0F2F /* Project object */ = {
			isa = PBXProject;
			attributes = {
				LastSwiftUpdateCheck = 1200;
				LastUpgradeCheck = 1020;
				ORGANIZATIONNAME = MasterBel2;
				TargetAttributes = {
					3E46333022C0C2D000AE0F2F = {
						CreatedOnToolsVersion = 10.2.1;
						LastSwiftMigration = 1020;
						SystemCapabilities = {
							com.apple.Sandbox = {
								enabled = 1;
							};
						};
					};
					3E46334022C0C2D200AE0F2F = {
						CreatedOnToolsVersion = 10.2.1;
						TestTargetID = 3E46333022C0C2D000AE0F2F;
					};
					3E46334B22C0C2D200AE0F2F = {
						CreatedOnToolsVersion = 10.2.1;
						TestTargetID = 3E46333022C0C2D000AE0F2F;
					};
					6B114C02251882E000F76670 = {
						CreatedOnToolsVersion = 12.0;
					};
					6B114C16251882E300F76670 = {
						CreatedOnToolsVersion = 12.0;
						TestTargetID = 6B114C02251882E000F76670;
					};
					6B114C21251882E300F76670 = {
						CreatedOnToolsVersion = 12.0;
						TestTargetID = 6B114C02251882E000F76670;
					};
				};
			};
			buildConfigurationList = 3E46332C22C0C2D000AE0F2F /* Build configuration list for PBXProject "BelieveAndRise" */;
			compatibilityVersion = "Xcode 9.3";
			developmentRegion = en;
			hasScannedForEncodings = 0;
			knownRegions = (
				en,
				Base,
			);
			mainGroup = 3E46332822C0C2D000AE0F2F;
			packageReferences = (
				6BF7CD4E256391350080CA02 /* XCRemoteSwiftPackageReference "UberserverClientCore" */,
			);
			productRefGroup = 3E46333222C0C2D000AE0F2F /* Products */;
			projectDirPath = "";
			projectRoot = "";
			targets = (
				3E46333022C0C2D000AE0F2F /* BelieveAndRise */,
				3E46334022C0C2D200AE0F2F /* BelieveAndRiseTests */,
				3E46334B22C0C2D200AE0F2F /* BelieveAndRiseUITests */,
				6B114C02251882E000F76670 /* BelieveAndRiseSwiftUI */,
				6B114C16251882E300F76670 /* BelieveAndRiseSwiftUITests */,
				6B114C21251882E300F76670 /* BelieveAndRiseSwiftUIUITests */,
			);
		};
/* End PBXProject section */

/* Begin PBXResourcesBuildPhase section */
		3E46332F22C0C2D000AE0F2F /* Resources */ = {
			isa = PBXResourcesBuildPhase;
			buildActionMask = 2147483647;
			files = (
				3E77162D22C180F700B8C6C0 /* TableSectionHeaderView.xib in Resources */,
				6B4266032391FA3E00AB46A2 /* BattleroomViewController.xib in Resources */,
				6BE2495324D4ACB1000B5770 /* TestFormPageViewController.xib in Resources */,
				3E86E059237B08840032BCBF /* StartRectOverlayView.xib in Resources */,
				6B2C64D2232517A00017A1BC /* ChatBar.xib in Resources */,
				3E77162322C1762A00B8C6C0 /* SingleColumnTableColumnRowView.xib in Resources */,
				6B7EBD26239A108D0071BE22 /* BattleroomHeaderView.xib in Resources */,
				3EF20F7422F825D10005650E /* ListViewController.xib in Resources */,
				6B880615249BBF1E00BAF05B /* DualTextInputDialogSheet.xib in Resources */,
				6B88061A249BCC3700BAF05B /* SingleTextInputDialogSheet.xib in Resources */,
				3E7C8289239CC33D004B835D /* DownloadItemView.xib in Resources */,
				6B37421A24D352C9000E0BBD /* FormViewController.xib in Resources */,
				6B4F076A2321151800B52C7E /* MainWindowController.xib in Resources */,
				6BE233B523269ACE0029425E /* ChatViewController.xib in Resources */,
				6BEE6526239A8F2A0029528A /* LICENSE in Resources */,
				6BAF4ABB24A86F7F0078A64E /* TextViewController.xib in Resources */,
				3E7C8285239CC312004B835D /* RankIngameAndUsernameView.xib in Resources */,
				6B745D6024D04FE200A4ED4D /* BattleroomSetupViewController.xib in Resources */,
				3E46333722C0C2D200AE0F2F /* Assets.xcassets in Resources */,
				6B179C3C2499E5ED00D3DC56 /* DialogSheet.xib in Resources */,
				6B08BD7923927B05001F9C3F /* ExtendedChatMessageView.xib in Resources */,
				3E46333A22C0C2D200AE0F2F /* MainMenu.xib in Resources */,
				6BCC43AF2497BB8C00C7AA53 /* AccountViewController.xib in Resources */,
				6B179C40249B17D200D3DC56 /* ServerSelectionDialogSheet.xib in Resources */,
				6B7C82D722D9489A0031F9C9 /* UserAuthenticationViewController.xib in Resources */,
			);
			runOnlyForDeploymentPostprocessing = 0;
		};
		3E46333F22C0C2D200AE0F2F /* Resources */ = {
			isa = PBXResourcesBuildPhase;
			buildActionMask = 2147483647;
			files = (
			);
			runOnlyForDeploymentPostprocessing = 0;
		};
		3E46334A22C0C2D200AE0F2F /* Resources */ = {
			isa = PBXResourcesBuildPhase;
			buildActionMask = 2147483647;
			files = (
			);
			runOnlyForDeploymentPostprocessing = 0;
		};
		6B114C01251882E000F76670 /* Resources */ = {
			isa = PBXResourcesBuildPhase;
			buildActionMask = 2147483647;
			files = (
				6B114C10251882E200F76670 /* Main.storyboard in Resources */,
				6B114C0D251882E200F76670 /* Preview Assets.xcassets in Resources */,
				6B114C0A251882E200F76670 /* Assets.xcassets in Resources */,
			);
			runOnlyForDeploymentPostprocessing = 0;
		};
		6B114C15251882E300F76670 /* Resources */ = {
			isa = PBXResourcesBuildPhase;
			buildActionMask = 2147483647;
			files = (
			);
			runOnlyForDeploymentPostprocessing = 0;
		};
		6B114C20251882E300F76670 /* Resources */ = {
			isa = PBXResourcesBuildPhase;
			buildActionMask = 2147483647;
			files = (
			);
			runOnlyForDeploymentPostprocessing = 0;
		};
/* End PBXResourcesBuildPhase section */

/* Begin PBXSourcesBuildPhase section */
		3E46332D22C0C2D000AE0F2F /* Sources */ = {
			isa = PBXSourcesBuildPhase;
			buildActionMask = 2147483647;
			files = (
				6B179C3E249B175400D3DC56 /* DialogSheet.swift in Sources */,
				6BD56FA425199961002AC8E6 /* Formatter.swift in Sources */,
				6B30FB4B237D72F700A893C8 /* NSImage+RGB565.swift in Sources */,
				3E7C8280239CC25F004B835D /* DownloadListSelectionHandler.swift in Sources */,
				6B7304A123E7B5FA0027E757 /* ResizeTrackingSplitViewController.swift in Sources */,
				6B880619249BCC3700BAF05B /* SingleTextInputDialogSheet.swift in Sources */,
				6BBBEFC5244D3E350063F2A0 /* Logger.swift in Sources */,
				6BCD568C24D48DC7001131BA /* NSView+addBacking.swift in Sources */,
				3E7C827E239CC25F004B835D /* DownloadItemViewProvider.swift in Sources */,
				3E46333522C0C2D000AE0F2F /* AppDelegate.swift in Sources */,
				6B37421924D352C9000E0BBD /* FormViewController.swift in Sources */,
				6BE233B423269ACE0029425E /* ChatViewController.swift in Sources */,
				6B30FB4F237D73D600A893C8 /* MinimapView.swift in Sources */,
				6B4F07692321151800B52C7E /* MainWindowController.swift in Sources */,
				6B7C82D622D9489A0031F9C9 /* UserAuthenticationViewController.swift in Sources */,
				3E77162522C1775A00B8C6C0 /* NibLoadable.swift in Sources */,
				6BE233B1232668E60029425E /* NSView+BackgroundColor.swift in Sources */,
				6BF044CA2391F50D008CCE3C /* BattleroomHeaderView.swift in Sources */,
				6B6340DB2519916100C1CBCB /* MacOSClientWindowManager.swift in Sources */,
				6B7304A823E7DB5E0027E757 /* InterfaceDefaultsController.swift in Sources */,
				6B4266022391FA3E00AB46A2 /* BattleroomViewController.swift in Sources */,
				6B179C42249B17F600D3DC56 /* ServerSelectionDialogSheet.swift in Sources */,
				3E77162722C179E500B8C6C0 /* TableHeaderData.swift in Sources */,
				6BAF4ABA24A86F7F0078A64E /* TextViewController.swift in Sources */,
				6BCC43AE2497BB8C00C7AA53 /* AccountViewController.swift in Sources */,
				3E77162122C175E500B8C6C0 /* SingleColumnTableColumnRowView.swift in Sources */,
				3E7C8284239CC312004B835D /* RankIngameAndUsernameView.swift in Sources */,
				6B7304A423E7B63B0027E757 /* SplitViewControllerResizeDelegate.swift in Sources */,
				6B6340BB2519909000C1CBCB /* MacOSWindowManager.swift in Sources */,
				6BBF44A4238B6AD80076B656 /* ChatLogViewController.swift in Sources */,
				6B79F0B524D37B1F00CDD892 /* NSStackView+animations.swift in Sources */,
				6B2C64D0232517930017A1BC /* ChatBar.swift in Sources */,
				3E86E057237B087B0032BCBF /* StartRectOverlayView.swift in Sources */,
				6B745D5F24D04FE200A4ED4D /* BattleroomSetupViewController.swift in Sources */,
				6B880614249BBF1E00BAF05B /* DualTextInputDialogSheet.swift in Sources */,
				6BE233B723269ECA0029425E /* ChatBarController.swift in Sources */,
				6B7304A623E7B64F0027E757 /* MainSplitViewControllerResizeDelegate.swift in Sources */,
				6B08BD7723927AF6001F9C3F /* ExtendedChatMessageView.swift in Sources */,
				6BCC43B12497BCA100C7AA53 /* RankView.swift in Sources */,
				3E33C9D922C203B200C340F9 /* ListViewController.swift in Sources */,
				3E7C8288239CC33D004B835D /* DownloadItemView.swift in Sources */,
				6BE2495224D4ACB1000B5770 /* TestFormPageViewController.swift in Sources */,
				3E77161F22C175A800B8C6C0 /* TableSectionHeaderView.swift in Sources */,
			);
			runOnlyForDeploymentPostprocessing = 0;
		};
		3E46333D22C0C2D200AE0F2F /* Sources */ = {
			isa = PBXSourcesBuildPhase;
			buildActionMask = 2147483647;
			files = (
				3E46334622C0C2D200AE0F2F /* BelieveAndRiseTests.swift in Sources */,
			);
			runOnlyForDeploymentPostprocessing = 0;
		};
		3E46334822C0C2D200AE0F2F /* Sources */ = {
			isa = PBXSourcesBuildPhase;
			buildActionMask = 2147483647;
			files = (
				3E46335122C0C2D200AE0F2F /* BelieveAndRiseUITests.swift in Sources */,
			);
			runOnlyForDeploymentPostprocessing = 0;
		};
		6B114BFF251882E000F76670 /* Sources */ = {
			isa = PBXSourcesBuildPhase;
			buildActionMask = 2147483647;
			files = (
				6B114C08251882E000F76670 /* ContentView.swift in Sources */,
				6B114C06251882E000F76670 /* AppDelegate.swift in Sources */,
			);
			runOnlyForDeploymentPostprocessing = 0;
		};
		6B114C13251882E300F76670 /* Sources */ = {
			isa = PBXSourcesBuildPhase;
			buildActionMask = 2147483647;
			files = (
				6B114C1C251882E300F76670 /* BelieveAndRiseSwiftUITests.swift in Sources */,
			);
			runOnlyForDeploymentPostprocessing = 0;
		};
		6B114C1E251882E300F76670 /* Sources */ = {
			isa = PBXSourcesBuildPhase;
			buildActionMask = 2147483647;
			files = (
				6B114C27251882E300F76670 /* BelieveAndRiseSwiftUIUITests.swift in Sources */,
			);
			runOnlyForDeploymentPostprocessing = 0;
		};
/* End PBXSourcesBuildPhase section */

/* Begin PBXTargetDependency section */
		3E46334322C0C2D200AE0F2F /* PBXTargetDependency */ = {
			isa = PBXTargetDependency;
			target = 3E46333022C0C2D000AE0F2F /* BelieveAndRise */;
			targetProxy = 3E46334222C0C2D200AE0F2F /* PBXContainerItemProxy */;
		};
		3E46334E22C0C2D200AE0F2F /* PBXTargetDependency */ = {
			isa = PBXTargetDependency;
			target = 3E46333022C0C2D000AE0F2F /* BelieveAndRise */;
			targetProxy = 3E46334D22C0C2D200AE0F2F /* PBXContainerItemProxy */;
		};
		6B114C19251882E300F76670 /* PBXTargetDependency */ = {
			isa = PBXTargetDependency;
			target = 6B114C02251882E000F76670 /* BelieveAndRiseSwiftUI */;
			targetProxy = 6B114C18251882E300F76670 /* PBXContainerItemProxy */;
		};
		6B114C24251882E300F76670 /* PBXTargetDependency */ = {
			isa = PBXTargetDependency;
			target = 6B114C02251882E000F76670 /* BelieveAndRiseSwiftUI */;
			targetProxy = 6B114C23251882E300F76670 /* PBXContainerItemProxy */;
		};
/* End PBXTargetDependency section */

/* Begin PBXVariantGroup section */
		3E46333822C0C2D200AE0F2F /* MainMenu.xib */ = {
			isa = PBXVariantGroup;
			children = (
				3E46333922C0C2D200AE0F2F /* Base */,
			);
			name = MainMenu.xib;
			sourceTree = "<group>";
		};
		6B114C0E251882E200F76670 /* Main.storyboard */ = {
			isa = PBXVariantGroup;
			children = (
				6B114C0F251882E200F76670 /* Base */,
			);
			name = Main.storyboard;
			sourceTree = "<group>";
		};
/* End PBXVariantGroup section */

/* Begin XCBuildConfiguration section */
		3E46335322C0C2D200AE0F2F /* Debug */ = {
			isa = XCBuildConfiguration;
			buildSettings = {
				ALWAYS_SEARCH_USER_PATHS = NO;
				CLANG_ANALYZER_NONNULL = YES;
				CLANG_ANALYZER_NUMBER_OBJECT_CONVERSION = YES_AGGRESSIVE;
				CLANG_CXX_LANGUAGE_STANDARD = "gnu++14";
				CLANG_CXX_LIBRARY = "libc++";
				CLANG_ENABLE_MODULES = YES;
				CLANG_ENABLE_OBJC_ARC = YES;
				CLANG_ENABLE_OBJC_WEAK = YES;
				CLANG_WARN_BLOCK_CAPTURE_AUTORELEASING = YES;
				CLANG_WARN_BOOL_CONVERSION = YES;
				CLANG_WARN_COMMA = YES;
				CLANG_WARN_CONSTANT_CONVERSION = YES;
				CLANG_WARN_DEPRECATED_OBJC_IMPLEMENTATIONS = YES;
				CLANG_WARN_DIRECT_OBJC_ISA_USAGE = YES_ERROR;
				CLANG_WARN_DOCUMENTATION_COMMENTS = YES;
				CLANG_WARN_EMPTY_BODY = YES;
				CLANG_WARN_ENUM_CONVERSION = YES;
				CLANG_WARN_INFINITE_RECURSION = YES;
				CLANG_WARN_INT_CONVERSION = YES;
				CLANG_WARN_NON_LITERAL_NULL_CONVERSION = YES;
				CLANG_WARN_OBJC_IMPLICIT_RETAIN_SELF = YES;
				CLANG_WARN_OBJC_LITERAL_CONVERSION = YES;
				CLANG_WARN_OBJC_ROOT_CLASS = YES_ERROR;
				CLANG_WARN_RANGE_LOOP_ANALYSIS = YES;
				CLANG_WARN_STRICT_PROTOTYPES = YES;
				CLANG_WARN_SUSPICIOUS_MOVE = YES;
				CLANG_WARN_UNGUARDED_AVAILABILITY = YES_AGGRESSIVE;
				CLANG_WARN_UNREACHABLE_CODE = YES;
				CLANG_WARN__DUPLICATE_METHOD_MATCH = YES;
				CODE_SIGN_IDENTITY = "-";
				COPY_PHASE_STRIP = NO;
				DEBUG_INFORMATION_FORMAT = dwarf;
				ENABLE_STRICT_OBJC_MSGSEND = YES;
				ENABLE_TESTABILITY = YES;
				GCC_C_LANGUAGE_STANDARD = gnu11;
				GCC_DYNAMIC_NO_PIC = NO;
				GCC_NO_COMMON_BLOCKS = YES;
				GCC_OPTIMIZATION_LEVEL = 0;
				GCC_PREPROCESSOR_DEFINITIONS = (
					"DEBUG=1",
					"$(inherited)",
				);
				GCC_WARN_64_TO_32_BIT_CONVERSION = YES;
				GCC_WARN_ABOUT_RETURN_TYPE = YES_ERROR;
				GCC_WARN_UNDECLARED_SELECTOR = YES;
				GCC_WARN_UNINITIALIZED_AUTOS = YES_AGGRESSIVE;
				GCC_WARN_UNUSED_FUNCTION = YES;
				GCC_WARN_UNUSED_VARIABLE = YES;
				MACOSX_DEPLOYMENT_TARGET = 10.14;
				MTL_ENABLE_DEBUG_INFO = INCLUDE_SOURCE;
				MTL_FAST_MATH = YES;
				ONLY_ACTIVE_ARCH = YES;
				SDKROOT = macosx;
				SWIFT_ACTIVE_COMPILATION_CONDITIONS = DEBUG;
				SWIFT_OPTIMIZATION_LEVEL = "-Onone";
			};
			name = Debug;
		};
		3E46335422C0C2D200AE0F2F /* Release */ = {
			isa = XCBuildConfiguration;
			buildSettings = {
				ALWAYS_SEARCH_USER_PATHS = NO;
				CLANG_ANALYZER_NONNULL = YES;
				CLANG_ANALYZER_NUMBER_OBJECT_CONVERSION = YES_AGGRESSIVE;
				CLANG_CXX_LANGUAGE_STANDARD = "gnu++14";
				CLANG_CXX_LIBRARY = "libc++";
				CLANG_ENABLE_MODULES = YES;
				CLANG_ENABLE_OBJC_ARC = YES;
				CLANG_ENABLE_OBJC_WEAK = YES;
				CLANG_WARN_BLOCK_CAPTURE_AUTORELEASING = YES;
				CLANG_WARN_BOOL_CONVERSION = YES;
				CLANG_WARN_COMMA = YES;
				CLANG_WARN_CONSTANT_CONVERSION = YES;
				CLANG_WARN_DEPRECATED_OBJC_IMPLEMENTATIONS = YES;
				CLANG_WARN_DIRECT_OBJC_ISA_USAGE = YES_ERROR;
				CLANG_WARN_DOCUMENTATION_COMMENTS = YES;
				CLANG_WARN_EMPTY_BODY = YES;
				CLANG_WARN_ENUM_CONVERSION = YES;
				CLANG_WARN_INFINITE_RECURSION = YES;
				CLANG_WARN_INT_CONVERSION = YES;
				CLANG_WARN_NON_LITERAL_NULL_CONVERSION = YES;
				CLANG_WARN_OBJC_IMPLICIT_RETAIN_SELF = YES;
				CLANG_WARN_OBJC_LITERAL_CONVERSION = YES;
				CLANG_WARN_OBJC_ROOT_CLASS = YES_ERROR;
				CLANG_WARN_RANGE_LOOP_ANALYSIS = YES;
				CLANG_WARN_STRICT_PROTOTYPES = YES;
				CLANG_WARN_SUSPICIOUS_MOVE = YES;
				CLANG_WARN_UNGUARDED_AVAILABILITY = YES_AGGRESSIVE;
				CLANG_WARN_UNREACHABLE_CODE = YES;
				CLANG_WARN__DUPLICATE_METHOD_MATCH = YES;
				CODE_SIGN_IDENTITY = "-";
				COPY_PHASE_STRIP = NO;
				DEBUG_INFORMATION_FORMAT = "dwarf-with-dsym";
				ENABLE_NS_ASSERTIONS = NO;
				ENABLE_STRICT_OBJC_MSGSEND = YES;
				GCC_C_LANGUAGE_STANDARD = gnu11;
				GCC_NO_COMMON_BLOCKS = YES;
				GCC_WARN_64_TO_32_BIT_CONVERSION = YES;
				GCC_WARN_ABOUT_RETURN_TYPE = YES_ERROR;
				GCC_WARN_UNDECLARED_SELECTOR = YES;
				GCC_WARN_UNINITIALIZED_AUTOS = YES_AGGRESSIVE;
				GCC_WARN_UNUSED_FUNCTION = YES;
				GCC_WARN_UNUSED_VARIABLE = YES;
				MACOSX_DEPLOYMENT_TARGET = 10.14;
				MTL_ENABLE_DEBUG_INFO = NO;
				MTL_FAST_MATH = YES;
				SDKROOT = macosx;
				SWIFT_COMPILATION_MODE = wholemodule;
				SWIFT_OPTIMIZATION_LEVEL = "-O";
			};
			name = Release;
		};
		3E46335622C0C2D200AE0F2F /* Debug */ = {
			isa = XCBuildConfiguration;
			buildSettings = {
				ASSETCATALOG_COMPILER_APPICON_NAME = AppIcon;
				CLANG_ENABLE_MODULES = YES;
				CODE_SIGN_ENTITLEMENTS = BelieveAndRise/BelieveAndRise.entitlements;
				CODE_SIGN_IDENTITY = "-";
				CODE_SIGN_STYLE = Automatic;
				COMBINE_HIDPI_IMAGES = YES;
				DEVELOPMENT_TEAM = "";
				INFOPLIST_FILE = BelieveAndRise/Info.plist;
				LD_RUNPATH_SEARCH_PATHS = (
					"$(inherited)",
					"@executable_path/../Frameworks",
				);
				MARKETING_VERSION = "Alpha 1.0";
				PRODUCT_BUNDLE_IDENTIFIER = com.masterbel2.BelieveAndRise;
				PRODUCT_NAME = "$(TARGET_NAME)";
				SWIFT_OBJC_BRIDGING_HEADER = "BelieveAndRise-Bridging-Header.h";
				SWIFT_OPTIMIZATION_LEVEL = "-Onone";
				SWIFT_VERSION = 5.0;
			};
			name = Debug;
		};
		3E46335722C0C2D200AE0F2F /* Release */ = {
			isa = XCBuildConfiguration;
			buildSettings = {
				ASSETCATALOG_COMPILER_APPICON_NAME = AppIcon;
				CLANG_ENABLE_MODULES = YES;
				CODE_SIGN_ENTITLEMENTS = BelieveAndRise/BelieveAndRise.entitlements;
				CODE_SIGN_IDENTITY = "-";
				CODE_SIGN_STYLE = Automatic;
				COMBINE_HIDPI_IMAGES = YES;
				DEVELOPMENT_TEAM = "";
				INFOPLIST_FILE = BelieveAndRise/Info.plist;
				LD_RUNPATH_SEARCH_PATHS = (
					"$(inherited)",
					"@executable_path/../Frameworks",
				);
				MARKETING_VERSION = "Alpha 1.0";
				PRODUCT_BUNDLE_IDENTIFIER = com.masterbel2.BelieveAndRise;
				PRODUCT_NAME = "$(TARGET_NAME)";
				SWIFT_OBJC_BRIDGING_HEADER = "BelieveAndRise-Bridging-Header.h";
				SWIFT_VERSION = 5.0;
			};
			name = Release;
		};
		3E46335922C0C2D200AE0F2F /* Debug */ = {
			isa = XCBuildConfiguration;
			buildSettings = {
				ALWAYS_EMBED_SWIFT_STANDARD_LIBRARIES = YES;
				BUNDLE_LOADER = "$(TEST_HOST)";
				CODE_SIGN_STYLE = Automatic;
				COMBINE_HIDPI_IMAGES = YES;
				INFOPLIST_FILE = BelieveAndRiseTests/Info.plist;
				LD_RUNPATH_SEARCH_PATHS = (
					"$(inherited)",
					"@executable_path/../Frameworks",
					"@loader_path/../Frameworks",
				);
				PRODUCT_BUNDLE_IDENTIFIER = com.masterbel2.BelieveAndRiseTests;
				PRODUCT_NAME = "$(TARGET_NAME)";
				SWIFT_VERSION = 5.0;
				TEST_HOST = "$(BUILT_PRODUCTS_DIR)/BelieveAndRise.app/Contents/MacOS/BelieveAndRise";
			};
			name = Debug;
		};
		3E46335A22C0C2D200AE0F2F /* Release */ = {
			isa = XCBuildConfiguration;
			buildSettings = {
				ALWAYS_EMBED_SWIFT_STANDARD_LIBRARIES = YES;
				BUNDLE_LOADER = "$(TEST_HOST)";
				CODE_SIGN_STYLE = Automatic;
				COMBINE_HIDPI_IMAGES = YES;
				INFOPLIST_FILE = BelieveAndRiseTests/Info.plist;
				LD_RUNPATH_SEARCH_PATHS = (
					"$(inherited)",
					"@executable_path/../Frameworks",
					"@loader_path/../Frameworks",
				);
				PRODUCT_BUNDLE_IDENTIFIER = com.masterbel2.BelieveAndRiseTests;
				PRODUCT_NAME = "$(TARGET_NAME)";
				SWIFT_VERSION = 5.0;
				TEST_HOST = "$(BUILT_PRODUCTS_DIR)/BelieveAndRise.app/Contents/MacOS/BelieveAndRise";
			};
			name = Release;
		};
		3E46335C22C0C2D200AE0F2F /* Debug */ = {
			isa = XCBuildConfiguration;
			buildSettings = {
				ALWAYS_EMBED_SWIFT_STANDARD_LIBRARIES = YES;
				CODE_SIGN_STYLE = Automatic;
				COMBINE_HIDPI_IMAGES = YES;
				INFOPLIST_FILE = BelieveAndRiseUITests/Info.plist;
				LD_RUNPATH_SEARCH_PATHS = (
					"$(inherited)",
					"@executable_path/../Frameworks",
					"@loader_path/../Frameworks",
				);
				PRODUCT_BUNDLE_IDENTIFIER = com.masterbel2.BelieveAndRiseUITests;
				PRODUCT_NAME = "$(TARGET_NAME)";
				SWIFT_VERSION = 5.0;
				TEST_TARGET_NAME = BelieveAndRise;
			};
			name = Debug;
		};
		3E46335D22C0C2D200AE0F2F /* Release */ = {
			isa = XCBuildConfiguration;
			buildSettings = {
				ALWAYS_EMBED_SWIFT_STANDARD_LIBRARIES = YES;
				CODE_SIGN_STYLE = Automatic;
				COMBINE_HIDPI_IMAGES = YES;
				INFOPLIST_FILE = BelieveAndRiseUITests/Info.plist;
				LD_RUNPATH_SEARCH_PATHS = (
					"$(inherited)",
					"@executable_path/../Frameworks",
					"@loader_path/../Frameworks",
				);
				PRODUCT_BUNDLE_IDENTIFIER = com.masterbel2.BelieveAndRiseUITests;
				PRODUCT_NAME = "$(TARGET_NAME)";
				SWIFT_VERSION = 5.0;
				TEST_TARGET_NAME = BelieveAndRise;
			};
			name = Release;
		};
		6B114C2A251882E300F76670 /* Debug */ = {
			isa = XCBuildConfiguration;
			buildSettings = {
				ASSETCATALOG_COMPILER_APPICON_NAME = AppIcon;
				ASSETCATALOG_COMPILER_GLOBAL_ACCENT_COLOR_NAME = AccentColor;
				CLANG_WARN_QUOTED_INCLUDE_IN_FRAMEWORK_HEADER = YES;
				CODE_SIGN_ENTITLEMENTS = BelieveAndRiseSwiftUI/BelieveAndRiseSwiftUIDebug.entitlements;
				CODE_SIGN_STYLE = Automatic;
				COMBINE_HIDPI_IMAGES = YES;
				DEVELOPMENT_ASSET_PATHS = "\"BelieveAndRiseSwiftUI/Preview Content\"";
				DEVELOPMENT_TEAM = Y6Q66BXSCV;
				ENABLE_HARDENED_RUNTIME = YES;
				ENABLE_PREVIEWS = YES;
				INFOPLIST_FILE = BelieveAndRiseSwiftUI/Info.plist;
				LD_RUNPATH_SEARCH_PATHS = (
					"$(inherited)",
					"@executable_path/../Frameworks",
				);
				MACOSX_DEPLOYMENT_TARGET = 10.15;
				PRODUCT_BUNDLE_IDENTIFIER = com.masterbel2.BelieveAndRiseSwiftUI;
				PRODUCT_NAME = "$(TARGET_NAME)";
				SWIFT_VERSION = 5.0;
			};
			name = Debug;
		};
		6B114C2B251882E300F76670 /* Release */ = {
			isa = XCBuildConfiguration;
			buildSettings = {
				ASSETCATALOG_COMPILER_APPICON_NAME = AppIcon;
				ASSETCATALOG_COMPILER_GLOBAL_ACCENT_COLOR_NAME = AccentColor;
				CLANG_WARN_QUOTED_INCLUDE_IN_FRAMEWORK_HEADER = YES;
				CODE_SIGN_ENTITLEMENTS = BelieveAndRiseSwiftUI/BelieveAndRiseSwiftUI.entitlements;
				CODE_SIGN_STYLE = Automatic;
				COMBINE_HIDPI_IMAGES = YES;
				DEVELOPMENT_ASSET_PATHS = "\"BelieveAndRiseSwiftUI/Preview Content\"";
				DEVELOPMENT_TEAM = Y6Q66BXSCV;
				ENABLE_HARDENED_RUNTIME = YES;
				ENABLE_PREVIEWS = YES;
				INFOPLIST_FILE = BelieveAndRiseSwiftUI/Info.plist;
				LD_RUNPATH_SEARCH_PATHS = (
					"$(inherited)",
					"@executable_path/../Frameworks",
				);
				MACOSX_DEPLOYMENT_TARGET = 10.15;
				PRODUCT_BUNDLE_IDENTIFIER = com.masterbel2.BelieveAndRiseSwiftUI;
				PRODUCT_NAME = "$(TARGET_NAME)";
				SWIFT_VERSION = 5.0;
			};
			name = Release;
		};
		6B114C2D251882E300F76670 /* Debug */ = {
			isa = XCBuildConfiguration;
			buildSettings = {
				ALWAYS_EMBED_SWIFT_STANDARD_LIBRARIES = YES;
				BUNDLE_LOADER = "$(TEST_HOST)";
				CLANG_WARN_QUOTED_INCLUDE_IN_FRAMEWORK_HEADER = YES;
				CODE_SIGN_STYLE = Automatic;
				COMBINE_HIDPI_IMAGES = YES;
				DEVELOPMENT_TEAM = Y6Q66BXSCV;
				INFOPLIST_FILE = BelieveAndRiseSwiftUITests/Info.plist;
				LD_RUNPATH_SEARCH_PATHS = (
					"$(inherited)",
					"@executable_path/../Frameworks",
					"@loader_path/../Frameworks",
				);
				MACOSX_DEPLOYMENT_TARGET = 10.15;
				PRODUCT_BUNDLE_IDENTIFIER = com.masterbel2.BelieveAndRiseSwiftUITests;
				PRODUCT_NAME = "$(TARGET_NAME)";
				SWIFT_VERSION = 5.0;
				TEST_HOST = "$(BUILT_PRODUCTS_DIR)/BelieveAndRiseSwiftUI.app/Contents/MacOS/BelieveAndRiseSwiftUI";
			};
			name = Debug;
		};
		6B114C2E251882E300F76670 /* Release */ = {
			isa = XCBuildConfiguration;
			buildSettings = {
				ALWAYS_EMBED_SWIFT_STANDARD_LIBRARIES = YES;
				BUNDLE_LOADER = "$(TEST_HOST)";
				CLANG_WARN_QUOTED_INCLUDE_IN_FRAMEWORK_HEADER = YES;
				CODE_SIGN_STYLE = Automatic;
				COMBINE_HIDPI_IMAGES = YES;
				DEVELOPMENT_TEAM = Y6Q66BXSCV;
				INFOPLIST_FILE = BelieveAndRiseSwiftUITests/Info.plist;
				LD_RUNPATH_SEARCH_PATHS = (
					"$(inherited)",
					"@executable_path/../Frameworks",
					"@loader_path/../Frameworks",
				);
				MACOSX_DEPLOYMENT_TARGET = 10.15;
				PRODUCT_BUNDLE_IDENTIFIER = com.masterbel2.BelieveAndRiseSwiftUITests;
				PRODUCT_NAME = "$(TARGET_NAME)";
				SWIFT_VERSION = 5.0;
				TEST_HOST = "$(BUILT_PRODUCTS_DIR)/BelieveAndRiseSwiftUI.app/Contents/MacOS/BelieveAndRiseSwiftUI";
			};
			name = Release;
		};
		6B114C30251882E300F76670 /* Debug */ = {
			isa = XCBuildConfiguration;
			buildSettings = {
				ALWAYS_EMBED_SWIFT_STANDARD_LIBRARIES = YES;
				CLANG_WARN_QUOTED_INCLUDE_IN_FRAMEWORK_HEADER = YES;
				CODE_SIGN_STYLE = Automatic;
				COMBINE_HIDPI_IMAGES = YES;
				DEVELOPMENT_TEAM = Y6Q66BXSCV;
				INFOPLIST_FILE = BelieveAndRiseSwiftUIUITests/Info.plist;
				LD_RUNPATH_SEARCH_PATHS = (
					"$(inherited)",
					"@executable_path/../Frameworks",
					"@loader_path/../Frameworks",
				);
				MACOSX_DEPLOYMENT_TARGET = 10.15;
				PRODUCT_BUNDLE_IDENTIFIER = com.masterbel2.BelieveAndRiseSwiftUIUITests;
				PRODUCT_NAME = "$(TARGET_NAME)";
				SWIFT_VERSION = 5.0;
				TEST_TARGET_NAME = BelieveAndRiseSwiftUI;
			};
			name = Debug;
		};
		6B114C31251882E300F76670 /* Release */ = {
			isa = XCBuildConfiguration;
			buildSettings = {
				ALWAYS_EMBED_SWIFT_STANDARD_LIBRARIES = YES;
				CLANG_WARN_QUOTED_INCLUDE_IN_FRAMEWORK_HEADER = YES;
				CODE_SIGN_STYLE = Automatic;
				COMBINE_HIDPI_IMAGES = YES;
				DEVELOPMENT_TEAM = Y6Q66BXSCV;
				INFOPLIST_FILE = BelieveAndRiseSwiftUIUITests/Info.plist;
				LD_RUNPATH_SEARCH_PATHS = (
					"$(inherited)",
					"@executable_path/../Frameworks",
					"@loader_path/../Frameworks",
				);
				MACOSX_DEPLOYMENT_TARGET = 10.15;
				PRODUCT_BUNDLE_IDENTIFIER = com.masterbel2.BelieveAndRiseSwiftUIUITests;
				PRODUCT_NAME = "$(TARGET_NAME)";
				SWIFT_VERSION = 5.0;
				TEST_TARGET_NAME = BelieveAndRiseSwiftUI;
			};
			name = Release;
		};
/* End XCBuildConfiguration section */

/* Begin XCConfigurationList section */
		3E46332C22C0C2D000AE0F2F /* Build configuration list for PBXProject "BelieveAndRise" */ = {
			isa = XCConfigurationList;
			buildConfigurations = (
				3E46335322C0C2D200AE0F2F /* Debug */,
				3E46335422C0C2D200AE0F2F /* Release */,
			);
			defaultConfigurationIsVisible = 0;
			defaultConfigurationName = Release;
		};
		3E46335522C0C2D200AE0F2F /* Build configuration list for PBXNativeTarget "BelieveAndRise" */ = {
			isa = XCConfigurationList;
			buildConfigurations = (
				3E46335622C0C2D200AE0F2F /* Debug */,
				3E46335722C0C2D200AE0F2F /* Release */,
			);
			defaultConfigurationIsVisible = 0;
			defaultConfigurationName = Release;
		};
		3E46335822C0C2D200AE0F2F /* Build configuration list for PBXNativeTarget "BelieveAndRiseTests" */ = {
			isa = XCConfigurationList;
			buildConfigurations = (
				3E46335922C0C2D200AE0F2F /* Debug */,
				3E46335A22C0C2D200AE0F2F /* Release */,
			);
			defaultConfigurationIsVisible = 0;
			defaultConfigurationName = Release;
		};
		3E46335B22C0C2D200AE0F2F /* Build configuration list for PBXNativeTarget "BelieveAndRiseUITests" */ = {
			isa = XCConfigurationList;
			buildConfigurations = (
				3E46335C22C0C2D200AE0F2F /* Debug */,
				3E46335D22C0C2D200AE0F2F /* Release */,
			);
			defaultConfigurationIsVisible = 0;
			defaultConfigurationName = Release;
		};
		6B114C29251882E300F76670 /* Build configuration list for PBXNativeTarget "BelieveAndRiseSwiftUI" */ = {
			isa = XCConfigurationList;
			buildConfigurations = (
				6B114C2A251882E300F76670 /* Debug */,
				6B114C2B251882E300F76670 /* Release */,
			);
			defaultConfigurationIsVisible = 0;
			defaultConfigurationName = Release;
		};
		6B114C2C251882E300F76670 /* Build configuration list for PBXNativeTarget "BelieveAndRiseSwiftUITests" */ = {
			isa = XCConfigurationList;
			buildConfigurations = (
				6B114C2D251882E300F76670 /* Debug */,
				6B114C2E251882E300F76670 /* Release */,
			);
			defaultConfigurationIsVisible = 0;
			defaultConfigurationName = Release;
		};
		6B114C2F251882E300F76670 /* Build configuration list for PBXNativeTarget "BelieveAndRiseSwiftUIUITests" */ = {
			isa = XCConfigurationList;
			buildConfigurations = (
				6B114C30251882E300F76670 /* Debug */,
				6B114C31251882E300F76670 /* Release */,
			);
			defaultConfigurationIsVisible = 0;
			defaultConfigurationName = Release;
		};
/* End XCConfigurationList section */

/* Begin XCRemoteSwiftPackageReference section */
		6BF7CD4E256391350080CA02 /* XCRemoteSwiftPackageReference "UberserverClientCore" */ = {
			isa = XCRemoteSwiftPackageReference;
			repositoryURL = "https://github.com/MasterBel2/UberserverClientCore";
			requirement = {
				branch = master;
				kind = branch;
			};
		};
/* End XCRemoteSwiftPackageReference section */

/* Begin XCSwiftPackageProductDependency section */
		6BF7CD4F256391350080CA02 /* UberserverClientCore */ = {
			isa = XCSwiftPackageProductDependency;
			package = 6BF7CD4E256391350080CA02 /* XCRemoteSwiftPackageReference "UberserverClientCore" */;
			productName = UberserverClientCore;
		};
		6BF7CD57256391480080CA02 /* UberserverClientCore */ = {
			isa = XCSwiftPackageProductDependency;
			package = 6BF7CD4E256391350080CA02 /* XCRemoteSwiftPackageReference "UberserverClientCore" */;
			productName = UberserverClientCore;
		};
/* End XCSwiftPackageProductDependency section */
	};
	rootObject = 3E46332922C0C2D000AE0F2F /* Project object */;
}
