// !$*UTF8*$!
{
	archiveVersion = 1;
	classes = {
	};
	objectVersion = 50;
	objects = {

/* Begin PBXBuildFile section */
		3E04709A22CD6B91005241E6 /* ServerCommand.swift in Sources */ = {isa = PBXBuildFile; fileRef = 3E04709922CD6B91005241E6 /* ServerCommand.swift */; };
		3E04709D22CD71C3005241E6 /* ListViewControllerDelegate.swift in Sources */ = {isa = PBXBuildFile; fileRef = 3E04709C22CD71C3005241E6 /* ListViewControllerDelegate.swift */; };
		3E04709F22CD71D3005241E6 /* ListViewControllerDataSource.swift in Sources */ = {isa = PBXBuildFile; fileRef = 3E04709E22CD71D3005241E6 /* ListViewControllerDataSource.swift */; };
		3E1A49CF237A970600F549FF /* BattleCommands.swift in Sources */ = {isa = PBXBuildFile; fileRef = 3E1A49CE237A970600F549FF /* BattleCommands.swift */; };
		3E1A49D1237AA53200F549FF /* Things.swift in Sources */ = {isa = PBXBuildFile; fileRef = 3E1A49D0237AA53200F549FF /* Things.swift */; };
		3E2D1C2A22DD47CC008596E1 /* List.swift in Sources */ = {isa = PBXBuildFile; fileRef = 3E2D1C2922DD47CC008596E1 /* List.swift */; };
		3E2E50A822FB77CF00831EF8 /* WindowManager.swift in Sources */ = {isa = PBXBuildFile; fileRef = 3E2E50A722FB77CF00831EF8 /* WindowManager.swift */; };
		3E33C9D922C203B200C340F9 /* ListViewController.swift in Sources */ = {isa = PBXBuildFile; fileRef = 3E33C9D822C203B200C340F9 /* ListViewController.swift */; };
		3E46333522C0C2D000AE0F2F /* AppDelegate.swift in Sources */ = {isa = PBXBuildFile; fileRef = 3E46333422C0C2D000AE0F2F /* AppDelegate.swift */; };
		3E46333722C0C2D200AE0F2F /* Assets.xcassets in Resources */ = {isa = PBXBuildFile; fileRef = 3E46333622C0C2D200AE0F2F /* Assets.xcassets */; };
		3E46333A22C0C2D200AE0F2F /* MainMenu.xib in Resources */ = {isa = PBXBuildFile; fileRef = 3E46333822C0C2D200AE0F2F /* MainMenu.xib */; };
		3E46334622C0C2D200AE0F2F /* BelieveAndRiseTests.swift in Sources */ = {isa = PBXBuildFile; fileRef = 3E46334522C0C2D200AE0F2F /* BelieveAndRiseTests.swift */; };
		3E46335122C0C2D200AE0F2F /* BelieveAndRiseUITests.swift in Sources */ = {isa = PBXBuildFile; fileRef = 3E46335022C0C2D200AE0F2F /* BelieveAndRiseUITests.swift */; };
		3E46335F22C0C2E000AE0F2F /* Battle.swift in Sources */ = {isa = PBXBuildFile; fileRef = 3E46335E22C0C2E000AE0F2F /* Battle.swift */; };
		3E46336122C0C2EB00AE0F2F /* User.swift in Sources */ = {isa = PBXBuildFile; fileRef = 3E46336022C0C2EB00AE0F2F /* User.swift */; };
		3E46336322C0C2EF00AE0F2F /* ServerModel.swift in Sources */ = {isa = PBXBuildFile; fileRef = 3E46336222C0C2EF00AE0F2F /* ServerModel.swift */; };
		3E46336522C0C2F700AE0F2F /* Channel.swift in Sources */ = {isa = PBXBuildFile; fileRef = 3E46336422C0C2F700AE0F2F /* Channel.swift */; };
		3E46336822C0C31700AE0F2F /* NATType.swift in Sources */ = {isa = PBXBuildFile; fileRef = 3E46336722C0C31700AE0F2F /* NATType.swift */; };
		3E46336A22C0C32D00AE0F2F /* Battleroom.swift in Sources */ = {isa = PBXBuildFile; fileRef = 3E46336922C0C32D00AE0F2F /* Battleroom.swift */; };
		3E77161F22C175A800B8C6C0 /* TableSectionHeaderView.swift in Sources */ = {isa = PBXBuildFile; fileRef = 3E77161E22C175A800B8C6C0 /* TableSectionHeaderView.swift */; };
		3E77162122C175E500B8C6C0 /* SingleColumnTableColumnRowView.swift in Sources */ = {isa = PBXBuildFile; fileRef = 3E77162022C175E500B8C6C0 /* SingleColumnTableColumnRowView.swift */; };
		3E77162322C1762A00B8C6C0 /* SingleColumnTableColumnRowView.xib in Resources */ = {isa = PBXBuildFile; fileRef = 3E77162222C1762A00B8C6C0 /* SingleColumnTableColumnRowView.xib */; };
		3E77162522C1775A00B8C6C0 /* NibLoadable.swift in Sources */ = {isa = PBXBuildFile; fileRef = 3E77162422C1775A00B8C6C0 /* NibLoadable.swift */; };
		3E77162722C179E500B8C6C0 /* TableHeaderData.swift in Sources */ = {isa = PBXBuildFile; fileRef = 3E77162622C179E500B8C6C0 /* TableHeaderData.swift */; };
		3E77162922C17A4000B8C6C0 /* IconLoading.swift in Sources */ = {isa = PBXBuildFile; fileRef = 3E77162822C17A4000B8C6C0 /* IconLoading.swift */; };
		3E77162B22C17A4600B8C6C0 /* IconLoading+NSImage.swift in Sources */ = {isa = PBXBuildFile; fileRef = 3E77162A22C17A4500B8C6C0 /* IconLoading+NSImage.swift */; };
		3E77162D22C180F700B8C6C0 /* TableSectionHeaderView.xib in Resources */ = {isa = PBXBuildFile; fileRef = 3E77162C22C180F700B8C6C0 /* TableSectionHeaderView.xib */; };
		3E7F3D332319DBA60012A743 /* Sortable.swift in Sources */ = {isa = PBXBuildFile; fileRef = 3E7F3D322319DBA60012A743 /* Sortable.swift */; };
		3E86E054237AFF6A0032BCBF /* BattleroomViewController.swift in Sources */ = {isa = PBXBuildFile; fileRef = 3E86E052237AFF6A0032BCBF /* BattleroomViewController.swift */; };
		3E86E055237AFF6A0032BCBF /* BattleroomViewController.xib in Resources */ = {isa = PBXBuildFile; fileRef = 3E86E053237AFF6A0032BCBF /* BattleroomViewController.xib */; };
		3E86E057237B087B0032BCBF /* StartRectOverlayView.swift in Sources */ = {isa = PBXBuildFile; fileRef = 3E86E056237B087B0032BCBF /* StartRectOverlayView.swift */; };
		3E86E059237B08840032BCBF /* StartRectOverlayView.xib in Resources */ = {isa = PBXBuildFile; fileRef = 3E86E058237B08840032BCBF /* StartRectOverlayView.xib */; };
		3E93BB9C237B86A1009036E7 /* BattleController.swift in Sources */ = {isa = PBXBuildFile; fileRef = 3E93BB9B237B86A1009036E7 /* BattleController.swift */; };
		3E93BB9E237B9F50009036E7 /* ListSelectionHandler.swift in Sources */ = {isa = PBXBuildFile; fileRef = 3E93BB9D237B9F4F009036E7 /* ListSelectionHandler.swift */; };
		3E98F86B237AC98D00DD2999 /* Private Messages.swift in Sources */ = {isa = PBXBuildFile; fileRef = 3E98F86A237AC98D00DD2999 /* Private Messages.swift */; };
		3E98F86D237ACC6A00DD2999 /* Client Bridging.swift in Sources */ = {isa = PBXBuildFile; fileRef = 3E98F86C237ACC6A00DD2999 /* Client Bridging.swift */; };
		3EB5912522C1A24700103CDE /* TASServer.swift in Sources */ = {isa = PBXBuildFile; fileRef = 3EB5912422C1A24700103CDE /* TASServer.swift */; };
		3EB5912922C1A6E200103CDE /* Socket.swift in Sources */ = {isa = PBXBuildFile; fileRef = 3EB5912822C1A6E200103CDE /* Socket.swift */; };
		3EB5912E22C1A74B00103CDE /* String+MD5.swift in Sources */ = {isa = PBXBuildFile; fileRef = 3EB5912D22C1A74B00103CDE /* String+MD5.swift */; };
		3EB5913022C1A75600103CDE /* Data+Base64.swift in Sources */ = {isa = PBXBuildFile; fileRef = 3EB5912F22C1A75600103CDE /* Data+Base64.swift */; };
		3EB5913222C1AA6E00103CDE /* Battlelist.swift in Sources */ = {isa = PBXBuildFile; fileRef = 3EB5913122C1AA6E00103CDE /* Battlelist.swift */; };
		3EF20F7422F825D10005650E /* ListViewController.xib in Resources */ = {isa = PBXBuildFile; fileRef = 3EF20F7322F825D10005650E /* ListViewController.xib */; };
		6B2C64D0232517930017A1BC /* ChatBar.swift in Sources */ = {isa = PBXBuildFile; fileRef = 6B2C64CF232517930017A1BC /* ChatBar.swift */; };
		6B2C64D2232517A00017A1BC /* ChatBar.xib in Resources */ = {isa = PBXBuildFile; fileRef = 6B2C64D1232517A00017A1BC /* ChatBar.xib */; };
		6B3D83A02324C41A00CE04BB /* Connection.swift in Sources */ = {isa = PBXBuildFile; fileRef = 6B3D839F2324C41A00CE04BB /* Connection.swift */; };
		6B3D83A22324C43100CE04BB /* ConnectionController.swift in Sources */ = {isa = PBXBuildFile; fileRef = 6B3D83A12324C43100CE04BB /* ConnectionController.swift */; };
		6B4F07692321151800B52C7E /* MainNSWindowController.swift in Sources */ = {isa = PBXBuildFile; fileRef = 6B4F07672321151800B52C7E /* MainNSWindowController.swift */; };
		6B4F076A2321151800B52C7E /* MainNSWindowController.xib in Resources */ = {isa = PBXBuildFile; fileRef = 6B4F07682321151800B52C7E /* MainNSWindowController.xib */; };
		6B7C82D022D88A600031F9C9 /* ServerSelectionViewController.swift in Sources */ = {isa = PBXBuildFile; fileRef = 6B7C82CE22D88A600031F9C9 /* ServerSelectionViewController.swift */; };
		6B7C82D122D88A600031F9C9 /* ServerSelectionViewController.xib in Resources */ = {isa = PBXBuildFile; fileRef = 6B7C82CF22D88A600031F9C9 /* ServerSelectionViewController.xib */; };
		6B7C82D622D9489A0031F9C9 /* UserAuthenticationViewController.swift in Sources */ = {isa = PBXBuildFile; fileRef = 6B7C82D422D9489A0031F9C9 /* UserAuthenticationViewController.swift */; };
		6B7C82D722D9489A0031F9C9 /* UserAuthenticationViewController.xib in Resources */ = {isa = PBXBuildFile; fileRef = 6B7C82D522D9489A0031F9C9 /* UserAuthenticationViewController.xib */; };
		6B7C82D922D948A50031F9C9 /* UserAuthenticationController.swift in Sources */ = {isa = PBXBuildFile; fileRef = 6B7C82D822D948A50031F9C9 /* UserAuthenticationController.swift */; };
		6B815EF12313C99A000FD850 /* ServerController.swift in Sources */ = {isa = PBXBuildFile; fileRef = 6B815EF02313C99A000FD850 /* ServerController.swift */; };
		6BAE46BF2379A7FD0065CD53 /* File.swift in Sources */ = {isa = PBXBuildFile; fileRef = 6BAE46BE2379A7FD0065CD53 /* File.swift */; };
		6BAE46C52379A8C70065CD53 /* GenericList.swift in Sources */ = {isa = PBXBuildFile; fileRef = 6BAE46C42379A8C70065CD53 /* GenericList.swift */; };
		6BC4473E2379C1F9006842DD /* SCUserCommands.swift in Sources */ = {isa = PBXBuildFile; fileRef = 6BC4473D2379C1F9006842DD /* SCUserCommands.swift */; };
		6BC447402379E324006842DD /* Formatter.swift in Sources */ = {isa = PBXBuildFile; fileRef = 6BC4473F2379E324006842DD /* Formatter.swift */; };
		6BE233B1232668E60029425E /* NSView+BackgroundColor.swift in Sources */ = {isa = PBXBuildFile; fileRef = 6BE233B0232668E60029425E /* NSView+BackgroundColor.swift */; };
		6BE233B423269ACE0029425E /* ChatViewController.swift in Sources */ = {isa = PBXBuildFile; fileRef = 6BE233B223269ACE0029425E /* ChatViewController.swift */; };
		6BE233B523269ACE0029425E /* ChatViewController.xib in Resources */ = {isa = PBXBuildFile; fileRef = 6BE233B323269ACE0029425E /* ChatViewController.xib */; };
		6BE233B723269ECA0029425E /* ChatBarController.swift in Sources */ = {isa = PBXBuildFile; fileRef = 6BE233B623269ECA0029425E /* ChatBarController.swift */; };
		6BE441452326A5E100951B49 /* CommandParsing.swift in Sources */ = {isa = PBXBuildFile; fileRef = 6BE441442326A5E100951B49 /* CommandParsing.swift */; };
		6BE4414E2326A63500951B49 /* ChannelCommands.swift in Sources */ = {isa = PBXBuildFile; fileRef = 6BE441462326A63400951B49 /* ChannelCommands.swift */; };
		6BE4414F2326A63500951B49 /* AccountCommands.swift in Sources */ = {isa = PBXBuildFile; fileRef = 6BE441472326A63400951B49 /* AccountCommands.swift */; };
		6BE441502326A63500951B49 /* CommandHandler.swift in Sources */ = {isa = PBXBuildFile; fileRef = 6BE441482326A63400951B49 /* CommandHandler.swift */; };
		6BE441512326A63500951B49 /* TASServerCommand.swift in Sources */ = {isa = PBXBuildFile; fileRef = 6BE441492326A63500951B49 /* TASServerCommand.swift */; };
		6BE441522326A63500951B49 /* SCBattleOpenedCommand.swift in Sources */ = {isa = PBXBuildFile; fileRef = 6BE4414A2326A63500951B49 /* SCBattleOpenedCommand.swift */; };
		6BE441532326A63500951B49 /* MOTDCommand.swift in Sources */ = {isa = PBXBuildFile; fileRef = 6BE4414B2326A63500951B49 /* MOTDCommand.swift */; };
		6BE441542326A63500951B49 /* Command.swift in Sources */ = {isa = PBXBuildFile; fileRef = 6BE4414C2326A63500951B49 /* Command.swift */; };
		6BE441552326A63500951B49 /* Clients.swift in Sources */ = {isa = PBXBuildFile; fileRef = 6BE4414D2326A63500951B49 /* Clients.swift */; };
		6BF48DB8232B9BA7006411BB /* BattlelistViewController.swift in Sources */ = {isa = PBXBuildFile; fileRef = 6BF48DB7232B9BA7006411BB /* BattlelistViewController.swift */; };
		6BF85C63237C648900A19493 /* Array+MoveItem.swift in Sources */ = {isa = PBXBuildFile; fileRef = 6BF85C62237C648900A19493 /* Array+MoveItem.swift */; };
		6BF85C65237C68EB00A19493 /* ChatMessage.swift in Sources */ = {isa = PBXBuildFile; fileRef = 6BF85C64237C68EB00A19493 /* ChatMessage.swift */; };
		6BF85C67237C691800A19493 /* ServerError.swift in Sources */ = {isa = PBXBuildFile; fileRef = 6BF85C66237C691700A19493 /* ServerError.swift */; };
/* End PBXBuildFile section */

/* Begin PBXContainerItemProxy section */
		3E46334222C0C2D200AE0F2F /* PBXContainerItemProxy */ = {
			isa = PBXContainerItemProxy;
			containerPortal = 3E46332922C0C2D000AE0F2F /* Project object */;
			proxyType = 1;
			remoteGlobalIDString = 3E46333022C0C2D000AE0F2F;
			remoteInfo = BelieveAndRise;
		};
		3E46334D22C0C2D200AE0F2F /* PBXContainerItemProxy */ = {
			isa = PBXContainerItemProxy;
			containerPortal = 3E46332922C0C2D000AE0F2F /* Project object */;
			proxyType = 1;
			remoteGlobalIDString = 3E46333022C0C2D000AE0F2F;
			remoteInfo = BelieveAndRise;
		};
/* End PBXContainerItemProxy section */

/* Begin PBXFileReference section */
		3E04709922CD6B91005241E6 /* ServerCommand.swift */ = {isa = PBXFileReference; lastKnownFileType = sourcecode.swift; path = ServerCommand.swift; sourceTree = "<group>"; };
		3E04709C22CD71C3005241E6 /* ListViewControllerDelegate.swift */ = {isa = PBXFileReference; lastKnownFileType = sourcecode.swift; path = ListViewControllerDelegate.swift; sourceTree = "<group>"; };
		3E04709E22CD71D3005241E6 /* ListViewControllerDataSource.swift */ = {isa = PBXFileReference; lastKnownFileType = sourcecode.swift; path = ListViewControllerDataSource.swift; sourceTree = "<group>"; };
		3E1A49CE237A970600F549FF /* BattleCommands.swift */ = {isa = PBXFileReference; lastKnownFileType = sourcecode.swift; path = BattleCommands.swift; sourceTree = "<group>"; };
		3E1A49D0237AA53200F549FF /* Things.swift */ = {isa = PBXFileReference; lastKnownFileType = sourcecode.swift; path = Things.swift; sourceTree = "<group>"; };
		3E2D1C2922DD47CC008596E1 /* List.swift */ = {isa = PBXFileReference; lastKnownFileType = sourcecode.swift; path = List.swift; sourceTree = "<group>"; };
		3E2E50A722FB77CF00831EF8 /* WindowManager.swift */ = {isa = PBXFileReference; fileEncoding = 4; lastKnownFileType = sourcecode.swift; path = WindowManager.swift; sourceTree = "<group>"; };
		3E33C9D822C203B200C340F9 /* ListViewController.swift */ = {isa = PBXFileReference; fileEncoding = 4; lastKnownFileType = sourcecode.swift; path = ListViewController.swift; sourceTree = "<group>"; };
		3E46333122C0C2D000AE0F2F /* BelieveAndRise.app */ = {isa = PBXFileReference; explicitFileType = wrapper.application; includeInIndex = 0; path = BelieveAndRise.app; sourceTree = BUILT_PRODUCTS_DIR; };
		3E46333422C0C2D000AE0F2F /* AppDelegate.swift */ = {isa = PBXFileReference; lastKnownFileType = sourcecode.swift; path = AppDelegate.swift; sourceTree = "<group>"; };
		3E46333622C0C2D200AE0F2F /* Assets.xcassets */ = {isa = PBXFileReference; lastKnownFileType = folder.assetcatalog; path = Assets.xcassets; sourceTree = "<group>"; };
		3E46333922C0C2D200AE0F2F /* Base */ = {isa = PBXFileReference; lastKnownFileType = file.xib; name = Base; path = Base.lproj/MainMenu.xib; sourceTree = "<group>"; };
		3E46333B22C0C2D200AE0F2F /* Info.plist */ = {isa = PBXFileReference; lastKnownFileType = text.plist.xml; path = Info.plist; sourceTree = "<group>"; };
		3E46333C22C0C2D200AE0F2F /* BelieveAndRise.entitlements */ = {isa = PBXFileReference; lastKnownFileType = text.plist.entitlements; path = BelieveAndRise.entitlements; sourceTree = "<group>"; };
		3E46334122C0C2D200AE0F2F /* BelieveAndRiseTests.xctest */ = {isa = PBXFileReference; explicitFileType = wrapper.cfbundle; includeInIndex = 0; path = BelieveAndRiseTests.xctest; sourceTree = BUILT_PRODUCTS_DIR; };
		3E46334522C0C2D200AE0F2F /* BelieveAndRiseTests.swift */ = {isa = PBXFileReference; lastKnownFileType = sourcecode.swift; path = BelieveAndRiseTests.swift; sourceTree = "<group>"; };
		3E46334722C0C2D200AE0F2F /* Info.plist */ = {isa = PBXFileReference; lastKnownFileType = text.plist.xml; path = Info.plist; sourceTree = "<group>"; };
		3E46334C22C0C2D200AE0F2F /* BelieveAndRiseUITests.xctest */ = {isa = PBXFileReference; explicitFileType = wrapper.cfbundle; includeInIndex = 0; path = BelieveAndRiseUITests.xctest; sourceTree = BUILT_PRODUCTS_DIR; };
		3E46335022C0C2D200AE0F2F /* BelieveAndRiseUITests.swift */ = {isa = PBXFileReference; lastKnownFileType = sourcecode.swift; path = BelieveAndRiseUITests.swift; sourceTree = "<group>"; };
		3E46335222C0C2D200AE0F2F /* Info.plist */ = {isa = PBXFileReference; lastKnownFileType = text.plist.xml; path = Info.plist; sourceTree = "<group>"; };
		3E46335E22C0C2E000AE0F2F /* Battle.swift */ = {isa = PBXFileReference; lastKnownFileType = sourcecode.swift; path = Battle.swift; sourceTree = "<group>"; };
		3E46336022C0C2EB00AE0F2F /* User.swift */ = {isa = PBXFileReference; lastKnownFileType = sourcecode.swift; path = User.swift; sourceTree = "<group>"; };
		3E46336222C0C2EF00AE0F2F /* ServerModel.swift */ = {isa = PBXFileReference; lastKnownFileType = sourcecode.swift; path = ServerModel.swift; sourceTree = "<group>"; };
		3E46336422C0C2F700AE0F2F /* Channel.swift */ = {isa = PBXFileReference; lastKnownFileType = sourcecode.swift; path = Channel.swift; sourceTree = "<group>"; };
		3E46336722C0C31700AE0F2F /* NATType.swift */ = {isa = PBXFileReference; lastKnownFileType = sourcecode.swift; path = NATType.swift; sourceTree = "<group>"; };
		3E46336922C0C32D00AE0F2F /* Battleroom.swift */ = {isa = PBXFileReference; lastKnownFileType = sourcecode.swift; path = Battleroom.swift; sourceTree = "<group>"; };
		3E77161E22C175A800B8C6C0 /* TableSectionHeaderView.swift */ = {isa = PBXFileReference; lastKnownFileType = sourcecode.swift; path = TableSectionHeaderView.swift; sourceTree = "<group>"; };
		3E77162022C175E500B8C6C0 /* SingleColumnTableColumnRowView.swift */ = {isa = PBXFileReference; lastKnownFileType = sourcecode.swift; path = SingleColumnTableColumnRowView.swift; sourceTree = "<group>"; };
		3E77162222C1762A00B8C6C0 /* SingleColumnTableColumnRowView.xib */ = {isa = PBXFileReference; lastKnownFileType = file.xib; path = SingleColumnTableColumnRowView.xib; sourceTree = "<group>"; };
		3E77162422C1775A00B8C6C0 /* NibLoadable.swift */ = {isa = PBXFileReference; lastKnownFileType = sourcecode.swift; path = NibLoadable.swift; sourceTree = "<group>"; };
		3E77162622C179E500B8C6C0 /* TableHeaderData.swift */ = {isa = PBXFileReference; lastKnownFileType = sourcecode.swift; path = TableHeaderData.swift; sourceTree = "<group>"; };
		3E77162822C17A4000B8C6C0 /* IconLoading.swift */ = {isa = PBXFileReference; lastKnownFileType = sourcecode.swift; path = IconLoading.swift; sourceTree = "<group>"; };
		3E77162A22C17A4500B8C6C0 /* IconLoading+NSImage.swift */ = {isa = PBXFileReference; lastKnownFileType = sourcecode.swift; path = "IconLoading+NSImage.swift"; sourceTree = "<group>"; };
		3E77162C22C180F700B8C6C0 /* TableSectionHeaderView.xib */ = {isa = PBXFileReference; lastKnownFileType = file.xib; path = TableSectionHeaderView.xib; sourceTree = "<group>"; };
		3E7F3D322319DBA60012A743 /* Sortable.swift */ = {isa = PBXFileReference; fileEncoding = 4; lastKnownFileType = sourcecode.swift; path = Sortable.swift; sourceTree = "<group>"; };
		3E86E052237AFF6A0032BCBF /* BattleroomViewController.swift */ = {isa = PBXFileReference; lastKnownFileType = sourcecode.swift; path = BattleroomViewController.swift; sourceTree = "<group>"; };
		3E86E053237AFF6A0032BCBF /* BattleroomViewController.xib */ = {isa = PBXFileReference; lastKnownFileType = file.xib; path = BattleroomViewController.xib; sourceTree = "<group>"; };
		3E86E056237B087B0032BCBF /* StartRectOverlayView.swift */ = {isa = PBXFileReference; lastKnownFileType = sourcecode.swift; path = StartRectOverlayView.swift; sourceTree = "<group>"; };
		3E86E058237B08840032BCBF /* StartRectOverlayView.xib */ = {isa = PBXFileReference; lastKnownFileType = file.xib; path = StartRectOverlayView.xib; sourceTree = "<group>"; };
		3E93BB9B237B86A1009036E7 /* BattleController.swift */ = {isa = PBXFileReference; lastKnownFileType = sourcecode.swift; path = BattleController.swift; sourceTree = "<group>"; };
		3E93BB9D237B9F4F009036E7 /* ListSelectionHandler.swift */ = {isa = PBXFileReference; lastKnownFileType = sourcecode.swift; path = ListSelectionHandler.swift; sourceTree = "<group>"; };
		3E98F86A237AC98D00DD2999 /* Private Messages.swift */ = {isa = PBXFileReference; lastKnownFileType = sourcecode.swift; path = "Private Messages.swift"; sourceTree = "<group>"; };
		3E98F86C237ACC6A00DD2999 /* Client Bridging.swift */ = {isa = PBXFileReference; lastKnownFileType = sourcecode.swift; path = "Client Bridging.swift"; sourceTree = "<group>"; };
		3EB5912422C1A24700103CDE /* TASServer.swift */ = {isa = PBXFileReference; lastKnownFileType = sourcecode.swift; path = TASServer.swift; sourceTree = "<group>"; };
		3EB5912822C1A6E200103CDE /* Socket.swift */ = {isa = PBXFileReference; lastKnownFileType = sourcecode.swift; path = Socket.swift; sourceTree = "<group>"; };
		3EB5912A22C1A71200103CDE /* BelieveAndRise-Bridging-Header.h */ = {isa = PBXFileReference; lastKnownFileType = sourcecode.c.h; path = "BelieveAndRise-Bridging-Header.h"; sourceTree = "<group>"; };
		3EB5912D22C1A74B00103CDE /* String+MD5.swift */ = {isa = PBXFileReference; lastKnownFileType = sourcecode.swift; path = "String+MD5.swift"; sourceTree = "<group>"; };
		3EB5912F22C1A75600103CDE /* Data+Base64.swift */ = {isa = PBXFileReference; lastKnownFileType = sourcecode.swift; path = "Data+Base64.swift"; sourceTree = "<group>"; };
		3EB5913122C1AA6E00103CDE /* Battlelist.swift */ = {isa = PBXFileReference; lastKnownFileType = sourcecode.swift; path = Battlelist.swift; sourceTree = "<group>"; };
		3EF20F7322F825D10005650E /* ListViewController.xib */ = {isa = PBXFileReference; lastKnownFileType = file.xib; path = ListViewController.xib; sourceTree = "<group>"; };
		6B2C64CF232517930017A1BC /* ChatBar.swift */ = {isa = PBXFileReference; lastKnownFileType = sourcecode.swift; path = ChatBar.swift; sourceTree = "<group>"; };
		6B2C64D1232517A00017A1BC /* ChatBar.xib */ = {isa = PBXFileReference; lastKnownFileType = file.xib; path = ChatBar.xib; sourceTree = "<group>"; };
		6B3D839F2324C41A00CE04BB /* Connection.swift */ = {isa = PBXFileReference; lastKnownFileType = sourcecode.swift; path = Connection.swift; sourceTree = "<group>"; };
		6B3D83A12324C43100CE04BB /* ConnectionController.swift */ = {isa = PBXFileReference; lastKnownFileType = sourcecode.swift; path = ConnectionController.swift; sourceTree = "<group>"; };
		6B4F07672321151800B52C7E /* MainNSWindowController.swift */ = {isa = PBXFileReference; lastKnownFileType = sourcecode.swift; path = MainNSWindowController.swift; sourceTree = "<group>"; };
		6B4F07682321151800B52C7E /* MainNSWindowController.xib */ = {isa = PBXFileReference; lastKnownFileType = file.xib; path = MainNSWindowController.xib; sourceTree = "<group>"; };
		6B7C82CE22D88A600031F9C9 /* ServerSelectionViewController.swift */ = {isa = PBXFileReference; lastKnownFileType = sourcecode.swift; path = ServerSelectionViewController.swift; sourceTree = "<group>"; };
		6B7C82CF22D88A600031F9C9 /* ServerSelectionViewController.xib */ = {isa = PBXFileReference; lastKnownFileType = file.xib; path = ServerSelectionViewController.xib; sourceTree = "<group>"; };
		6B7C82D422D9489A0031F9C9 /* UserAuthenticationViewController.swift */ = {isa = PBXFileReference; lastKnownFileType = sourcecode.swift; path = UserAuthenticationViewController.swift; sourceTree = "<group>"; };
		6B7C82D522D9489A0031F9C9 /* UserAuthenticationViewController.xib */ = {isa = PBXFileReference; lastKnownFileType = file.xib; path = UserAuthenticationViewController.xib; sourceTree = "<group>"; };
		6B7C82D822D948A50031F9C9 /* UserAuthenticationController.swift */ = {isa = PBXFileReference; lastKnownFileType = sourcecode.swift; path = UserAuthenticationController.swift; sourceTree = "<group>"; };
		6B815EF02313C99A000FD850 /* ServerController.swift */ = {isa = PBXFileReference; lastKnownFileType = sourcecode.swift; path = ServerController.swift; sourceTree = "<group>"; };
		6BAE46BE2379A7FD0065CD53 /* File.swift */ = {isa = PBXFileReference; lastKnownFileType = sourcecode.swift; path = File.swift; sourceTree = "<group>"; };
		6BAE46C42379A8C70065CD53 /* GenericList.swift */ = {isa = PBXFileReference; lastKnownFileType = sourcecode.swift; path = GenericList.swift; sourceTree = "<group>"; };
		6BC4473D2379C1F9006842DD /* SCUserCommands.swift */ = {isa = PBXFileReference; lastKnownFileType = sourcecode.swift; path = SCUserCommands.swift; sourceTree = "<group>"; };
		6BC4473F2379E324006842DD /* Formatter.swift */ = {isa = PBXFileReference; lastKnownFileType = sourcecode.swift; name = Formatter.swift; path = BelieveAndRise/Core/List/Formatter.swift; sourceTree = SOURCE_ROOT; };
		6BE233B0232668E60029425E /* NSView+BackgroundColor.swift */ = {isa = PBXFileReference; fileEncoding = 4; lastKnownFileType = sourcecode.swift; path = "NSView+BackgroundColor.swift"; sourceTree = "<group>"; };
		6BE233B223269ACE0029425E /* ChatViewController.swift */ = {isa = PBXFileReference; lastKnownFileType = sourcecode.swift; name = ChatViewController.swift; path = BelieveAndRise/UI/View/ChatBar/ChatViewController.swift; sourceTree = SOURCE_ROOT; };
		6BE233B323269ACE0029425E /* ChatViewController.xib */ = {isa = PBXFileReference; lastKnownFileType = file.xib; name = ChatViewController.xib; path = BelieveAndRise/UI/View/ChatBar/ChatViewController.xib; sourceTree = SOURCE_ROOT; };
		6BE233B623269ECA0029425E /* ChatBarController.swift */ = {isa = PBXFileReference; fileEncoding = 4; lastKnownFileType = sourcecode.swift; path = ChatBarController.swift; sourceTree = "<group>"; };
		6BE441442326A5E100951B49 /* CommandParsing.swift */ = {isa = PBXFileReference; fileEncoding = 4; lastKnownFileType = sourcecode.swift; path = CommandParsing.swift; sourceTree = "<group>"; };
		6BE441462326A63400951B49 /* ChannelCommands.swift */ = {isa = PBXFileReference; fileEncoding = 4; lastKnownFileType = sourcecode.swift; path = ChannelCommands.swift; sourceTree = "<group>"; };
		6BE441472326A63400951B49 /* AccountCommands.swift */ = {isa = PBXFileReference; fileEncoding = 4; lastKnownFileType = sourcecode.swift; path = AccountCommands.swift; sourceTree = "<group>"; };
		6BE441482326A63400951B49 /* CommandHandler.swift */ = {isa = PBXFileReference; fileEncoding = 4; lastKnownFileType = sourcecode.swift; path = CommandHandler.swift; sourceTree = "<group>"; };
		6BE441492326A63500951B49 /* TASServerCommand.swift */ = {isa = PBXFileReference; fileEncoding = 4; lastKnownFileType = sourcecode.swift; path = TASServerCommand.swift; sourceTree = "<group>"; };
		6BE4414A2326A63500951B49 /* SCBattleOpenedCommand.swift */ = {isa = PBXFileReference; fileEncoding = 4; lastKnownFileType = sourcecode.swift; path = SCBattleOpenedCommand.swift; sourceTree = "<group>"; };
		6BE4414B2326A63500951B49 /* MOTDCommand.swift */ = {isa = PBXFileReference; fileEncoding = 4; lastKnownFileType = sourcecode.swift; path = MOTDCommand.swift; sourceTree = "<group>"; };
		6BE4414C2326A63500951B49 /* Command.swift */ = {isa = PBXFileReference; fileEncoding = 4; lastKnownFileType = sourcecode.swift; path = Command.swift; sourceTree = "<group>"; };
		6BE4414D2326A63500951B49 /* Clients.swift */ = {isa = PBXFileReference; fileEncoding = 4; lastKnownFileType = sourcecode.swift; path = Clients.swift; sourceTree = "<group>"; };
		6BF48DB7232B9BA7006411BB /* BattlelistViewController.swift */ = {isa = PBXFileReference; lastKnownFileType = sourcecode.swift; path = BattlelistViewController.swift; sourceTree = "<group>"; };
		6BF85C62237C648900A19493 /* Array+MoveItem.swift */ = {isa = PBXFileReference; lastKnownFileType = sourcecode.swift; path = "Array+MoveItem.swift"; sourceTree = "<group>"; };
		6BF85C64237C68EB00A19493 /* ChatMessage.swift */ = {isa = PBXFileReference; lastKnownFileType = sourcecode.swift; path = ChatMessage.swift; sourceTree = "<group>"; };
		6BF85C66237C691700A19493 /* ServerError.swift */ = {isa = PBXFileReference; lastKnownFileType = sourcecode.swift; path = ServerError.swift; sourceTree = "<group>"; };
/* End PBXFileReference section */

/* Begin PBXFrameworksBuildPhase section */
		3E46332E22C0C2D000AE0F2F /* Frameworks */ = {
			isa = PBXFrameworksBuildPhase;
			buildActionMask = 2147483647;
			files = (
			);
			runOnlyForDeploymentPostprocessing = 0;
		};
		3E46333E22C0C2D200AE0F2F /* Frameworks */ = {
			isa = PBXFrameworksBuildPhase;
			buildActionMask = 2147483647;
			files = (
			);
			runOnlyForDeploymentPostprocessing = 0;
		};
		3E46334922C0C2D200AE0F2F /* Frameworks */ = {
			isa = PBXFrameworksBuildPhase;
			buildActionMask = 2147483647;
			files = (
			);
			runOnlyForDeploymentPostprocessing = 0;
		};
/* End PBXFrameworksBuildPhase section */

/* Begin PBXGroup section */
		3E04709B22CD71B5005241E6 /* ListViewController */ = {
			isa = PBXGroup;
			children = (
				3E77162622C179E500B8C6C0 /* TableHeaderData.swift */,
				3E33C9D822C203B200C340F9 /* ListViewController.swift */,
				3EF20F7322F825D10005650E /* ListViewController.xib */,
				3E04709E22CD71D3005241E6 /* ListViewControllerDataSource.swift */,
				3E04709C22CD71C3005241E6 /* ListViewControllerDelegate.swift */,
			);
			path = ListViewController;
			sourceTree = "<group>";
		};
		3E46332822C0C2D000AE0F2F = {
			isa = PBXGroup;
			children = (
				3EB5912A22C1A71200103CDE /* BelieveAndRise-Bridging-Header.h */,
				3E46333322C0C2D000AE0F2F /* BelieveAndRise */,
				3E46334422C0C2D200AE0F2F /* BelieveAndRiseTests */,
				3E46334F22C0C2D200AE0F2F /* BelieveAndRiseUITests */,
				3E46333222C0C2D000AE0F2F /* Products */,
			);
			sourceTree = "<group>";
		};
		3E46333222C0C2D000AE0F2F /* Products */ = {
			isa = PBXGroup;
			children = (
				3E46333122C0C2D000AE0F2F /* BelieveAndRise.app */,
				3E46334122C0C2D200AE0F2F /* BelieveAndRiseTests.xctest */,
				3E46334C22C0C2D200AE0F2F /* BelieveAndRiseUITests.xctest */,
			);
			name = Products;
			sourceTree = "<group>";
		};
		3E46333322C0C2D000AE0F2F /* BelieveAndRise */ = {
			isa = PBXGroup;
			children = (
				3E46333422C0C2D000AE0F2F /* AppDelegate.swift */,
				6BAE46C22379A8300065CD53 /* Utility */,
				6BAE46C02379A80E0065CD53 /* Core */,
				6BAE46C32379A8480065CD53 /* UI */,
				6BDDDCDB23798F8200292BAE /* Legacy Implementations (for reference) */,
				3E46333622C0C2D200AE0F2F /* Assets.xcassets */,
				3E46333822C0C2D200AE0F2F /* MainMenu.xib */,
				3E46333B22C0C2D200AE0F2F /* Info.plist */,
				3E46333C22C0C2D200AE0F2F /* BelieveAndRise.entitlements */,
			);
			path = BelieveAndRise;
			sourceTree = "<group>";
		};
		3E46334422C0C2D200AE0F2F /* BelieveAndRiseTests */ = {
			isa = PBXGroup;
			children = (
				3E46334522C0C2D200AE0F2F /* BelieveAndRiseTests.swift */,
				3E46334722C0C2D200AE0F2F /* Info.plist */,
			);
			path = BelieveAndRiseTests;
			sourceTree = "<group>";
		};
		3E46334F22C0C2D200AE0F2F /* BelieveAndRiseUITests */ = {
			isa = PBXGroup;
			children = (
				3E46335022C0C2D200AE0F2F /* BelieveAndRiseUITests.swift */,
				3E46335222C0C2D200AE0F2F /* Info.plist */,
			);
			path = BelieveAndRiseUITests;
			sourceTree = "<group>";
		};
		3E46336622C0C2FE00AE0F2F /* Data Objects */ = {
			isa = PBXGroup;
			children = (
				6BF85C64237C68EB00A19493 /* ChatMessage.swift */,
				3E46335E22C0C2E000AE0F2F /* Battle.swift */,
				3E46336722C0C31700AE0F2F /* NATType.swift */,
				3E46336022C0C2EB00AE0F2F /* User.swift */,
				3E46336922C0C32D00AE0F2F /* Battleroom.swift */,
				3E46336422C0C2F700AE0F2F /* Channel.swift */,
			);
			path = "Data Objects";
			sourceTree = "<group>";
		};
		3E46336B22C0C7CC00AE0F2F /* ViewController */ = {
			isa = PBXGroup;
			children = (
				3E86E052237AFF6A0032BCBF /* BattleroomViewController.swift */,
				3E86E053237AFF6A0032BCBF /* BattleroomViewController.xib */,
				3E86E056237B087B0032BCBF /* StartRectOverlayView.swift */,
				3E86E058237B08840032BCBF /* StartRectOverlayView.xib */,
				6B8C499E22DD240D00C59FFF /* UserAuthentication */,
				6B8C499D22DD240000C59FFF /* ServerSelectionViewController */,
				3E04709B22CD71B5005241E6 /* ListViewController */,
				3E77162822C17A4000B8C6C0 /* IconLoading.swift */,
				3E77162A22C17A4500B8C6C0 /* IconLoading+NSImage.swift */,
			);
			path = ViewController;
			sourceTree = "<group>";
		};
		3E46336C22C0C7DD00AE0F2F /* View */ = {
			isa = PBXGroup;
			children = (
				6B395F5B2325C52C00D35686 /* ChatBar */,
				3E77161E22C175A800B8C6C0 /* TableSectionHeaderView.swift */,
				3E77162C22C180F700B8C6C0 /* TableSectionHeaderView.xib */,
				3E77162022C175E500B8C6C0 /* SingleColumnTableColumnRowView.swift */,
				3E77162222C1762A00B8C6C0 /* SingleColumnTableColumnRowView.xib */,
				3E77162422C1775A00B8C6C0 /* NibLoadable.swift */,
			);
			path = View;
			sourceTree = "<group>";
		};
		3EB5912322C1A21800103CDE /* Server */ = {
			isa = PBXGroup;
			children = (
				6BF85C66237C691700A19493 /* ServerError.swift */,
				6BE441562326AB0000951B49 /* Commands */,
				3E04709922CD6B91005241E6 /* ServerCommand.swift */,
				3EB5912422C1A24700103CDE /* TASServer.swift */,
				3EB5912822C1A6E200103CDE /* Socket.swift */,
			);
			path = Server;
			sourceTree = "<group>";
		};
		6B395F5B2325C52C00D35686 /* ChatBar */ = {
			isa = PBXGroup;
			children = (
				6BE233B623269ECA0029425E /* ChatBarController.swift */,
				6B2C64CF232517930017A1BC /* ChatBar.swift */,
				6B2C64D1232517A00017A1BC /* ChatBar.xib */,
				6BE233B223269ACE0029425E /* ChatViewController.swift */,
				6BE233B323269ACE0029425E /* ChatViewController.xib */,
			);
			path = ChatBar;
			sourceTree = "<group>";
		};
		6B8C499D22DD240000C59FFF /* ServerSelectionViewController */ = {
			isa = PBXGroup;
			children = (
				6B7C82CE22D88A600031F9C9 /* ServerSelectionViewController.swift */,
				6B7C82CF22D88A600031F9C9 /* ServerSelectionViewController.xib */,
			);
			path = ServerSelectionViewController;
			sourceTree = "<group>";
		};
		6B8C499E22DD240D00C59FFF /* UserAuthentication */ = {
			isa = PBXGroup;
			children = (
				6B7C82D422D9489A0031F9C9 /* UserAuthenticationViewController.swift */,
				6B7C82D522D9489A0031F9C9 /* UserAuthenticationViewController.xib */,
				6B7C82D822D948A50031F9C9 /* UserAuthenticationController.swift */,
			);
			path = UserAuthentication;
			sourceTree = "<group>";
		};
		6BAE46C02379A80E0065CD53 /* Core */ = {
			isa = PBXGroup;
			children = (
				6BDDDCDC23798FB900292BAE /* List */,
				6B815EF02313C99A000FD850 /* ServerController.swift */,
				3EB5912322C1A21800103CDE /* Server */,
				6B3D839F2324C41A00CE04BB /* Connection.swift */,
				6B3D83A12324C43100CE04BB /* ConnectionController.swift */,
				3E93BB9B237B86A1009036E7 /* BattleController.swift */,
				6BE4414D2326A63500951B49 /* Clients.swift */,
				3E46336622C0C2FE00AE0F2F /* Data Objects */,
			);
			path = Core;
			sourceTree = "<group>";
		};
		6BAE46C12379A81C0065CD53 /* Main Window */ = {
			isa = PBXGroup;
			children = (
				6B4F07672321151800B52C7E /* MainNSWindowController.swift */,
				6B4F07682321151800B52C7E /* MainNSWindowController.xib */,
			);
			path = "Main Window";
			sourceTree = "<group>";
		};
		6BAE46C22379A8300065CD53 /* Utility */ = {
			isa = PBXGroup;
			children = (
				6BF85C62237C648900A19493 /* Array+MoveItem.swift */,
				3EB5912D22C1A74B00103CDE /* String+MD5.swift */,
				6BAE46BE2379A7FD0065CD53 /* File.swift */,
				6BE233B0232668E60029425E /* NSView+BackgroundColor.swift */,
				3EB5912F22C1A75600103CDE /* Data+Base64.swift */,
			);
			path = Utility;
			sourceTree = "<group>";
		};
		6BAE46C32379A8480065CD53 /* UI */ = {
			isa = PBXGroup;
			children = (
				3E46336C22C0C7DD00AE0F2F /* View */,
				3E46336B22C0C7CC00AE0F2F /* ViewController */,
				6BAE46C12379A81C0065CD53 /* Main Window */,
				3E2E50A722FB77CF00831EF8 /* WindowManager.swift */,
			);
			path = UI;
			sourceTree = "<group>";
		};
		6BDDDCDB23798F8200292BAE /* Legacy Implementations (for reference) */ = {
			isa = PBXGroup;
			children = (
				3E46336222C0C2EF00AE0F2F /* ServerModel.swift */,
				6BF48DB7232B9BA7006411BB /* BattlelistViewController.swift */,
				6BAE46C42379A8C70065CD53 /* GenericList.swift */,
				3EB5913122C1AA6E00103CDE /* Battlelist.swift */,
			);
			path = "Legacy Implementations (for reference)";
			sourceTree = "<group>";
		};
		6BDDDCDC23798FB900292BAE /* List */ = {
			isa = PBXGroup;
			children = (
				3E7F3D322319DBA60012A743 /* Sortable.swift */,
				3E2D1C2922DD47CC008596E1 /* List.swift */,
				3E93BB9D237B9F4F009036E7 /* ListSelectionHandler.swift */,
				6BC4473F2379E324006842DD /* Formatter.swift */,
			);
			path = List;
			sourceTree = "<group>";
		};
		6BE441562326AB0000951B49 /* Commands */ = {
			isa = PBXGroup;
			children = (
				3E98F86C237ACC6A00DD2999 /* Client Bridging.swift */,
				6BE4414C2326A63500951B49 /* Command.swift */,
				6BE441442326A5E100951B49 /* CommandParsing.swift */,
				6BE4414A2326A63500951B49 /* SCBattleOpenedCommand.swift */,
				6BE441482326A63400951B49 /* CommandHandler.swift */,
				6BE441462326A63400951B49 /* ChannelCommands.swift */,
				3E1A49CE237A970600F549FF /* BattleCommands.swift */,
				6BC4473D2379C1F9006842DD /* SCUserCommands.swift */,
				6BE441472326A63400951B49 /* AccountCommands.swift */,
				6BE4414B2326A63500951B49 /* MOTDCommand.swift */,
				6BE441492326A63500951B49 /* TASServerCommand.swift */,
				3E1A49D0237AA53200F549FF /* Things.swift */,
				3E98F86A237AC98D00DD2999 /* Private Messages.swift */,
			);
			path = Commands;
			sourceTree = "<group>";
		};
/* End PBXGroup section */

/* Begin PBXNativeTarget section */
		3E46333022C0C2D000AE0F2F /* BelieveAndRise */ = {
			isa = PBXNativeTarget;
			buildConfigurationList = 3E46335522C0C2D200AE0F2F /* Build configuration list for PBXNativeTarget "BelieveAndRise" */;
			buildPhases = (
				3E46332D22C0C2D000AE0F2F /* Sources */,
				3E46332E22C0C2D000AE0F2F /* Frameworks */,
				3E46332F22C0C2D000AE0F2F /* Resources */,
			);
			buildRules = (
			);
			dependencies = (
			);
			name = BelieveAndRise;
			productName = BelieveAndRise;
			productReference = 3E46333122C0C2D000AE0F2F /* BelieveAndRise.app */;
			productType = "com.apple.product-type.application";
		};
		3E46334022C0C2D200AE0F2F /* BelieveAndRiseTests */ = {
			isa = PBXNativeTarget;
			buildConfigurationList = 3E46335822C0C2D200AE0F2F /* Build configuration list for PBXNativeTarget "BelieveAndRiseTests" */;
			buildPhases = (
				3E46333D22C0C2D200AE0F2F /* Sources */,
				3E46333E22C0C2D200AE0F2F /* Frameworks */,
				3E46333F22C0C2D200AE0F2F /* Resources */,
			);
			buildRules = (
			);
			dependencies = (
				3E46334322C0C2D200AE0F2F /* PBXTargetDependency */,
			);
			name = BelieveAndRiseTests;
			productName = BelieveAndRiseTests;
			productReference = 3E46334122C0C2D200AE0F2F /* BelieveAndRiseTests.xctest */;
			productType = "com.apple.product-type.bundle.unit-test";
		};
		3E46334B22C0C2D200AE0F2F /* BelieveAndRiseUITests */ = {
			isa = PBXNativeTarget;
			buildConfigurationList = 3E46335B22C0C2D200AE0F2F /* Build configuration list for PBXNativeTarget "BelieveAndRiseUITests" */;
			buildPhases = (
				3E46334822C0C2D200AE0F2F /* Sources */,
				3E46334922C0C2D200AE0F2F /* Frameworks */,
				3E46334A22C0C2D200AE0F2F /* Resources */,
			);
			buildRules = (
			);
			dependencies = (
				3E46334E22C0C2D200AE0F2F /* PBXTargetDependency */,
			);
			name = BelieveAndRiseUITests;
			productName = BelieveAndRiseUITests;
			productReference = 3E46334C22C0C2D200AE0F2F /* BelieveAndRiseUITests.xctest */;
			productType = "com.apple.product-type.bundle.ui-testing";
		};
/* End PBXNativeTarget section */

/* Begin PBXProject section */
		3E46332922C0C2D000AE0F2F /* Project object */ = {
			isa = PBXProject;
			attributes = {
				LastSwiftUpdateCheck = 1020;
				LastUpgradeCheck = 1020;
				ORGANIZATIONNAME = MasterBel2;
				TargetAttributes = {
					3E46333022C0C2D000AE0F2F = {
						CreatedOnToolsVersion = 10.2.1;
						LastSwiftMigration = 1020;
						SystemCapabilities = {
							com.apple.Sandbox = {
								enabled = 1;
							};
						};
					};
					3E46334022C0C2D200AE0F2F = {
						CreatedOnToolsVersion = 10.2.1;
						TestTargetID = 3E46333022C0C2D000AE0F2F;
					};
					3E46334B22C0C2D200AE0F2F = {
						CreatedOnToolsVersion = 10.2.1;
						TestTargetID = 3E46333022C0C2D000AE0F2F;
					};
				};
			};
			buildConfigurationList = 3E46332C22C0C2D000AE0F2F /* Build configuration list for PBXProject "BelieveAndRise" */;
			compatibilityVersion = "Xcode 9.3";
			developmentRegion = en;
			hasScannedForEncodings = 0;
			knownRegions = (
				en,
				Base,
			);
			mainGroup = 3E46332822C0C2D000AE0F2F;
			productRefGroup = 3E46333222C0C2D000AE0F2F /* Products */;
			projectDirPath = "";
			projectRoot = "";
			targets = (
				3E46333022C0C2D000AE0F2F /* BelieveAndRise */,
				3E46334022C0C2D200AE0F2F /* BelieveAndRiseTests */,
				3E46334B22C0C2D200AE0F2F /* BelieveAndRiseUITests */,
			);
		};
/* End PBXProject section */

/* Begin PBXResourcesBuildPhase section */
		3E46332F22C0C2D000AE0F2F /* Resources */ = {
			isa = PBXResourcesBuildPhase;
			buildActionMask = 2147483647;
			files = (
				3E86E055237AFF6A0032BCBF /* BattleroomViewController.xib in Resources */,
				3E77162D22C180F700B8C6C0 /* TableSectionHeaderView.xib in Resources */,
				3E86E059237B08840032BCBF /* StartRectOverlayView.xib in Resources */,
				6B2C64D2232517A00017A1BC /* ChatBar.xib in Resources */,
				3E77162322C1762A00B8C6C0 /* SingleColumnTableColumnRowView.xib in Resources */,
				3EF20F7422F825D10005650E /* ListViewController.xib in Resources */,
				6B4F076A2321151800B52C7E /* MainNSWindowController.xib in Resources */,
				6BE233B523269ACE0029425E /* ChatViewController.xib in Resources */,
				3E46333722C0C2D200AE0F2F /* Assets.xcassets in Resources */,
				6B7C82D122D88A600031F9C9 /* ServerSelectionViewController.xib in Resources */,
				3E46333A22C0C2D200AE0F2F /* MainMenu.xib in Resources */,
				6B7C82D722D9489A0031F9C9 /* UserAuthenticationViewController.xib in Resources */,
			);
			runOnlyForDeploymentPostprocessing = 0;
		};
		3E46333F22C0C2D200AE0F2F /* Resources */ = {
			isa = PBXResourcesBuildPhase;
			buildActionMask = 2147483647;
			files = (
			);
			runOnlyForDeploymentPostprocessing = 0;
		};
		3E46334A22C0C2D200AE0F2F /* Resources */ = {
			isa = PBXResourcesBuildPhase;
			buildActionMask = 2147483647;
			files = (
			);
			runOnlyForDeploymentPostprocessing = 0;
		};
/* End PBXResourcesBuildPhase section */

/* Begin PBXSourcesBuildPhase section */
		3E46332D22C0C2D000AE0F2F /* Sources */ = {
			isa = PBXSourcesBuildPhase;
			buildActionMask = 2147483647;
			files = (
				3EB5912922C1A6E200103CDE /* Socket.swift in Sources */,
				3E98F86D237ACC6A00DD2999 /* Client Bridging.swift in Sources */,
				3EB5912E22C1A74B00103CDE /* String+MD5.swift in Sources */,
				6BE441452326A5E100951B49 /* CommandParsing.swift in Sources */,
				3E2E50A822FB77CF00831EF8 /* WindowManager.swift in Sources */,
				6BF85C63237C648900A19493 /* Array+MoveItem.swift in Sources */,
				3E1A49D1237AA53200F549FF /* Things.swift in Sources */,
				3EB5913022C1A75600103CDE /* Data+Base64.swift in Sources */,
				3E46333522C0C2D000AE0F2F /* AppDelegate.swift in Sources */,
				3E46336822C0C31700AE0F2F /* NATType.swift in Sources */,
				6BE233B423269ACE0029425E /* ChatViewController.swift in Sources */,
				6BE441522326A63500951B49 /* SCBattleOpenedCommand.swift in Sources */,
				3E46336A22C0C32D00AE0F2F /* Battleroom.swift in Sources */,
				6BF85C67237C691800A19493 /* ServerError.swift in Sources */,
				3E7F3D332319DBA60012A743 /* Sortable.swift in Sources */,
				6BE441512326A63500951B49 /* TASServerCommand.swift in Sources */,
				6B3D83A02324C41A00CE04BB /* Connection.swift in Sources */,
				3E04709A22CD6B91005241E6 /* ServerCommand.swift in Sources */,
				6B4F07692321151800B52C7E /* MainNSWindowController.swift in Sources */,
				3E46336522C0C2F700AE0F2F /* Channel.swift in Sources */,
				3E04709D22CD71C3005241E6 /* ListViewControllerDelegate.swift in Sources */,
				6B7C82D622D9489A0031F9C9 /* UserAuthenticationViewController.swift in Sources */,
				3E77162522C1775A00B8C6C0 /* NibLoadable.swift in Sources */,
				6BE233B1232668E60029425E /* NSView+BackgroundColor.swift in Sources */,
				3E2D1C2A22DD47CC008596E1 /* List.swift in Sources */,
				3EB5912522C1A24700103CDE /* TASServer.swift in Sources */,
				6BAE46BF2379A7FD0065CD53 /* File.swift in Sources */,
				3E04709F22CD71D3005241E6 /* ListViewControllerDataSource.swift in Sources */,
				3E1A49CF237A970600F549FF /* BattleCommands.swift in Sources */,
				3E46335F22C0C2E000AE0F2F /* Battle.swift in Sources */,
				6B815EF12313C99A000FD850 /* ServerController.swift in Sources */,
				3E77162722C179E500B8C6C0 /* TableHeaderData.swift in Sources */,
				6B3D83A22324C43100CE04BB /* ConnectionController.swift in Sources */,
				3E77162122C175E500B8C6C0 /* SingleColumnTableColumnRowView.swift in Sources */,
				6BF85C65237C68EB00A19493 /* ChatMessage.swift in Sources */,
				3E46336322C0C2EF00AE0F2F /* ServerModel.swift in Sources */,
				6BE441552326A63500951B49 /* Clients.swift in Sources */,
				6BE4414F2326A63500951B49 /* AccountCommands.swift in Sources */,
				6BC4473E2379C1F9006842DD /* SCUserCommands.swift in Sources */,
				3E77162922C17A4000B8C6C0 /* IconLoading.swift in Sources */,
				6BE441542326A63500951B49 /* Command.swift in Sources */,
				3E77162B22C17A4600B8C6C0 /* IconLoading+NSImage.swift in Sources */,
				3E98F86B237AC98D00DD2999 /* Private Messages.swift in Sources */,
				6BE4414E2326A63500951B49 /* ChannelCommands.swift in Sources */,
				3E93BB9C237B86A1009036E7 /* BattleController.swift in Sources */,
				6B2C64D0232517930017A1BC /* ChatBar.swift in Sources */,
				6BAE46C52379A8C70065CD53 /* GenericList.swift in Sources */,
				6BF48DB8232B9BA7006411BB /* BattlelistViewController.swift in Sources */,
				3EB5913222C1AA6E00103CDE /* Battlelist.swift in Sources */,
				3E46336122C0C2EB00AE0F2F /* User.swift in Sources */,
				3E86E057237B087B0032BCBF /* StartRectOverlayView.swift in Sources */,
				6BC447402379E324006842DD /* Formatter.swift in Sources */,
				6BE233B723269ECA0029425E /* ChatBarController.swift in Sources */,
				6B7C82D922D948A50031F9C9 /* UserAuthenticationController.swift in Sources */,
				3E93BB9E237B9F50009036E7 /* ListSelectionHandler.swift in Sources */,
				6BE441502326A63500951B49 /* CommandHandler.swift in Sources */,
				3E33C9D922C203B200C340F9 /* ListViewController.swift in Sources */,
				6B7C82D022D88A600031F9C9 /* ServerSelectionViewController.swift in Sources */,
				3E86E054237AFF6A0032BCBF /* BattleroomViewController.swift in Sources */,
				6BE441532326A63500951B49 /* MOTDCommand.swift in Sources */,
				3E77161F22C175A800B8C6C0 /* TableSectionHeaderView.swift in Sources */,
			);
			runOnlyForDeploymentPostprocessing = 0;
		};
		3E46333D22C0C2D200AE0F2F /* Sources */ = {
			isa = PBXSourcesBuildPhase;
			buildActionMask = 2147483647;
			files = (
				3E46334622C0C2D200AE0F2F /* BelieveAndRiseTests.swift in Sources */,
			);
			runOnlyForDeploymentPostprocessing = 0;
		};
		3E46334822C0C2D200AE0F2F /* Sources */ = {
			isa = PBXSourcesBuildPhase;
			buildActionMask = 2147483647;
			files = (
				3E46335122C0C2D200AE0F2F /* BelieveAndRiseUITests.swift in Sources */,
			);
			runOnlyForDeploymentPostprocessing = 0;
		};
/* End PBXSourcesBuildPhase section */

/* Begin PBXTargetDependency section */
		3E46334322C0C2D200AE0F2F /* PBXTargetDependency */ = {
			isa = PBXTargetDependency;
			target = 3E46333022C0C2D000AE0F2F /* BelieveAndRise */;
			targetProxy = 3E46334222C0C2D200AE0F2F /* PBXContainerItemProxy */;
		};
		3E46334E22C0C2D200AE0F2F /* PBXTargetDependency */ = {
			isa = PBXTargetDependency;
			target = 3E46333022C0C2D000AE0F2F /* BelieveAndRise */;
			targetProxy = 3E46334D22C0C2D200AE0F2F /* PBXContainerItemProxy */;
		};
/* End PBXTargetDependency section */

/* Begin PBXVariantGroup section */
		3E46333822C0C2D200AE0F2F /* MainMenu.xib */ = {
			isa = PBXVariantGroup;
			children = (
				3E46333922C0C2D200AE0F2F /* Base */,
			);
			name = MainMenu.xib;
			sourceTree = "<group>";
		};
/* End PBXVariantGroup section */

/* Begin XCBuildConfiguration section */
		3E46335322C0C2D200AE0F2F /* Debug */ = {
			isa = XCBuildConfiguration;
			buildSettings = {
				ALWAYS_SEARCH_USER_PATHS = NO;
				CLANG_ANALYZER_NONNULL = YES;
				CLANG_ANALYZER_NUMBER_OBJECT_CONVERSION = YES_AGGRESSIVE;
				CLANG_CXX_LANGUAGE_STANDARD = "gnu++14";
				CLANG_CXX_LIBRARY = "libc++";
				CLANG_ENABLE_MODULES = YES;
				CLANG_ENABLE_OBJC_ARC = YES;
				CLANG_ENABLE_OBJC_WEAK = YES;
				CLANG_WARN_BLOCK_CAPTURE_AUTORELEASING = YES;
				CLANG_WARN_BOOL_CONVERSION = YES;
				CLANG_WARN_COMMA = YES;
				CLANG_WARN_CONSTANT_CONVERSION = YES;
				CLANG_WARN_DEPRECATED_OBJC_IMPLEMENTATIONS = YES;
				CLANG_WARN_DIRECT_OBJC_ISA_USAGE = YES_ERROR;
				CLANG_WARN_DOCUMENTATION_COMMENTS = YES;
				CLANG_WARN_EMPTY_BODY = YES;
				CLANG_WARN_ENUM_CONVERSION = YES;
				CLANG_WARN_INFINITE_RECURSION = YES;
				CLANG_WARN_INT_CONVERSION = YES;
				CLANG_WARN_NON_LITERAL_NULL_CONVERSION = YES;
				CLANG_WARN_OBJC_IMPLICIT_RETAIN_SELF = YES;
				CLANG_WARN_OBJC_LITERAL_CONVERSION = YES;
				CLANG_WARN_OBJC_ROOT_CLASS = YES_ERROR;
				CLANG_WARN_RANGE_LOOP_ANALYSIS = YES;
				CLANG_WARN_STRICT_PROTOTYPES = YES;
				CLANG_WARN_SUSPICIOUS_MOVE = YES;
				CLANG_WARN_UNGUARDED_AVAILABILITY = YES_AGGRESSIVE;
				CLANG_WARN_UNREACHABLE_CODE = YES;
				CLANG_WARN__DUPLICATE_METHOD_MATCH = YES;
				CODE_SIGN_IDENTITY = "-";
				COPY_PHASE_STRIP = NO;
				DEBUG_INFORMATION_FORMAT = dwarf;
				ENABLE_STRICT_OBJC_MSGSEND = YES;
				ENABLE_TESTABILITY = YES;
				GCC_C_LANGUAGE_STANDARD = gnu11;
				GCC_DYNAMIC_NO_PIC = NO;
				GCC_NO_COMMON_BLOCKS = YES;
				GCC_OPTIMIZATION_LEVEL = 0;
				GCC_PREPROCESSOR_DEFINITIONS = (
					"DEBUG=1",
					"$(inherited)",
				);
				GCC_WARN_64_TO_32_BIT_CONVERSION = YES;
				GCC_WARN_ABOUT_RETURN_TYPE = YES_ERROR;
				GCC_WARN_UNDECLARED_SELECTOR = YES;
				GCC_WARN_UNINITIALIZED_AUTOS = YES_AGGRESSIVE;
				GCC_WARN_UNUSED_FUNCTION = YES;
				GCC_WARN_UNUSED_VARIABLE = YES;
				MACOSX_DEPLOYMENT_TARGET = 10.14;
				MTL_ENABLE_DEBUG_INFO = INCLUDE_SOURCE;
				MTL_FAST_MATH = YES;
				ONLY_ACTIVE_ARCH = YES;
				SDKROOT = macosx;
				SWIFT_ACTIVE_COMPILATION_CONDITIONS = DEBUG;
				SWIFT_OPTIMIZATION_LEVEL = "-Onone";
			};
			name = Debug;
		};
		3E46335422C0C2D200AE0F2F /* Release */ = {
			isa = XCBuildConfiguration;
			buildSettings = {
				ALWAYS_SEARCH_USER_PATHS = NO;
				CLANG_ANALYZER_NONNULL = YES;
				CLANG_ANALYZER_NUMBER_OBJECT_CONVERSION = YES_AGGRESSIVE;
				CLANG_CXX_LANGUAGE_STANDARD = "gnu++14";
				CLANG_CXX_LIBRARY = "libc++";
				CLANG_ENABLE_MODULES = YES;
				CLANG_ENABLE_OBJC_ARC = YES;
				CLANG_ENABLE_OBJC_WEAK = YES;
				CLANG_WARN_BLOCK_CAPTURE_AUTORELEASING = YES;
				CLANG_WARN_BOOL_CONVERSION = YES;
				CLANG_WARN_COMMA = YES;
				CLANG_WARN_CONSTANT_CONVERSION = YES;
				CLANG_WARN_DEPRECATED_OBJC_IMPLEMENTATIONS = YES;
				CLANG_WARN_DIRECT_OBJC_ISA_USAGE = YES_ERROR;
				CLANG_WARN_DOCUMENTATION_COMMENTS = YES;
				CLANG_WARN_EMPTY_BODY = YES;
				CLANG_WARN_ENUM_CONVERSION = YES;
				CLANG_WARN_INFINITE_RECURSION = YES;
				CLANG_WARN_INT_CONVERSION = YES;
				CLANG_WARN_NON_LITERAL_NULL_CONVERSION = YES;
				CLANG_WARN_OBJC_IMPLICIT_RETAIN_SELF = YES;
				CLANG_WARN_OBJC_LITERAL_CONVERSION = YES;
				CLANG_WARN_OBJC_ROOT_CLASS = YES_ERROR;
				CLANG_WARN_RANGE_LOOP_ANALYSIS = YES;
				CLANG_WARN_STRICT_PROTOTYPES = YES;
				CLANG_WARN_SUSPICIOUS_MOVE = YES;
				CLANG_WARN_UNGUARDED_AVAILABILITY = YES_AGGRESSIVE;
				CLANG_WARN_UNREACHABLE_CODE = YES;
				CLANG_WARN__DUPLICATE_METHOD_MATCH = YES;
				CODE_SIGN_IDENTITY = "-";
				COPY_PHASE_STRIP = NO;
				DEBUG_INFORMATION_FORMAT = "dwarf-with-dsym";
				ENABLE_NS_ASSERTIONS = NO;
				ENABLE_STRICT_OBJC_MSGSEND = YES;
				GCC_C_LANGUAGE_STANDARD = gnu11;
				GCC_NO_COMMON_BLOCKS = YES;
				GCC_WARN_64_TO_32_BIT_CONVERSION = YES;
				GCC_WARN_ABOUT_RETURN_TYPE = YES_ERROR;
				GCC_WARN_UNDECLARED_SELECTOR = YES;
				GCC_WARN_UNINITIALIZED_AUTOS = YES_AGGRESSIVE;
				GCC_WARN_UNUSED_FUNCTION = YES;
				GCC_WARN_UNUSED_VARIABLE = YES;
				MACOSX_DEPLOYMENT_TARGET = 10.14;
				MTL_ENABLE_DEBUG_INFO = NO;
				MTL_FAST_MATH = YES;
				SDKROOT = macosx;
				SWIFT_COMPILATION_MODE = wholemodule;
				SWIFT_OPTIMIZATION_LEVEL = "-O";
			};
			name = Release;
		};
		3E46335622C0C2D200AE0F2F /* Debug */ = {
			isa = XCBuildConfiguration;
			buildSettings = {
				ASSETCATALOG_COMPILER_APPICON_NAME = AppIcon;
				CLANG_ENABLE_MODULES = YES;
				CODE_SIGN_ENTITLEMENTS = BelieveAndRise/BelieveAndRise.entitlements;
				CODE_SIGN_STYLE = Automatic;
				COMBINE_HIDPI_IMAGES = YES;
				INFOPLIST_FILE = BelieveAndRise/Info.plist;
				LD_RUNPATH_SEARCH_PATHS = (
					"$(inherited)",
					"@executable_path/../Frameworks",
				);
				PRODUCT_BUNDLE_IDENTIFIER = com.masterbel2.BelieveAndRise;
				PRODUCT_NAME = "$(TARGET_NAME)";
				SWIFT_OBJC_BRIDGING_HEADER = "BelieveAndRise-Bridging-Header.h";
				SWIFT_OPTIMIZATION_LEVEL = "-Onone";
				SWIFT_VERSION = 5.0;
			};
			name = Debug;
		};
		3E46335722C0C2D200AE0F2F /* Release */ = {
			isa = XCBuildConfiguration;
			buildSettings = {
				ASSETCATALOG_COMPILER_APPICON_NAME = AppIcon;
				CLANG_ENABLE_MODULES = YES;
				CODE_SIGN_ENTITLEMENTS = BelieveAndRise/BelieveAndRise.entitlements;
				CODE_SIGN_STYLE = Automatic;
				COMBINE_HIDPI_IMAGES = YES;
				INFOPLIST_FILE = BelieveAndRise/Info.plist;
				LD_RUNPATH_SEARCH_PATHS = (
					"$(inherited)",
					"@executable_path/../Frameworks",
				);
				PRODUCT_BUNDLE_IDENTIFIER = com.masterbel2.BelieveAndRise;
				PRODUCT_NAME = "$(TARGET_NAME)";
				SWIFT_OBJC_BRIDGING_HEADER = "BelieveAndRise-Bridging-Header.h";
				SWIFT_VERSION = 5.0;
			};
			name = Release;
		};
		3E46335922C0C2D200AE0F2F /* Debug */ = {
			isa = XCBuildConfiguration;
			buildSettings = {
				ALWAYS_EMBED_SWIFT_STANDARD_LIBRARIES = YES;
				BUNDLE_LOADER = "$(TEST_HOST)";
				CODE_SIGN_STYLE = Automatic;
				COMBINE_HIDPI_IMAGES = YES;
				INFOPLIST_FILE = BelieveAndRiseTests/Info.plist;
				LD_RUNPATH_SEARCH_PATHS = (
					"$(inherited)",
					"@executable_path/../Frameworks",
					"@loader_path/../Frameworks",
				);
				PRODUCT_BUNDLE_IDENTIFIER = com.masterbel2.BelieveAndRiseTests;
				PRODUCT_NAME = "$(TARGET_NAME)";
				SWIFT_VERSION = 5.0;
				TEST_HOST = "$(BUILT_PRODUCTS_DIR)/BelieveAndRise.app/Contents/MacOS/BelieveAndRise";
			};
			name = Debug;
		};
		3E46335A22C0C2D200AE0F2F /* Release */ = {
			isa = XCBuildConfiguration;
			buildSettings = {
				ALWAYS_EMBED_SWIFT_STANDARD_LIBRARIES = YES;
				BUNDLE_LOADER = "$(TEST_HOST)";
				CODE_SIGN_STYLE = Automatic;
				COMBINE_HIDPI_IMAGES = YES;
				INFOPLIST_FILE = BelieveAndRiseTests/Info.plist;
				LD_RUNPATH_SEARCH_PATHS = (
					"$(inherited)",
					"@executable_path/../Frameworks",
					"@loader_path/../Frameworks",
				);
				PRODUCT_BUNDLE_IDENTIFIER = com.masterbel2.BelieveAndRiseTests;
				PRODUCT_NAME = "$(TARGET_NAME)";
				SWIFT_VERSION = 5.0;
				TEST_HOST = "$(BUILT_PRODUCTS_DIR)/BelieveAndRise.app/Contents/MacOS/BelieveAndRise";
			};
			name = Release;
		};
		3E46335C22C0C2D200AE0F2F /* Debug */ = {
			isa = XCBuildConfiguration;
			buildSettings = {
				ALWAYS_EMBED_SWIFT_STANDARD_LIBRARIES = YES;
				CODE_SIGN_STYLE = Automatic;
				COMBINE_HIDPI_IMAGES = YES;
				INFOPLIST_FILE = BelieveAndRiseUITests/Info.plist;
				LD_RUNPATH_SEARCH_PATHS = (
					"$(inherited)",
					"@executable_path/../Frameworks",
					"@loader_path/../Frameworks",
				);
				PRODUCT_BUNDLE_IDENTIFIER = com.masterbel2.BelieveAndRiseUITests;
				PRODUCT_NAME = "$(TARGET_NAME)";
				SWIFT_VERSION = 5.0;
				TEST_TARGET_NAME = BelieveAndRise;
			};
			name = Debug;
		};
		3E46335D22C0C2D200AE0F2F /* Release */ = {
			isa = XCBuildConfiguration;
			buildSettings = {
				ALWAYS_EMBED_SWIFT_STANDARD_LIBRARIES = YES;
				CODE_SIGN_STYLE = Automatic;
				COMBINE_HIDPI_IMAGES = YES;
				INFOPLIST_FILE = BelieveAndRiseUITests/Info.plist;
				LD_RUNPATH_SEARCH_PATHS = (
					"$(inherited)",
					"@executable_path/../Frameworks",
					"@loader_path/../Frameworks",
				);
				PRODUCT_BUNDLE_IDENTIFIER = com.masterbel2.BelieveAndRiseUITests;
				PRODUCT_NAME = "$(TARGET_NAME)";
				SWIFT_VERSION = 5.0;
				TEST_TARGET_NAME = BelieveAndRise;
			};
			name = Release;
		};
/* End XCBuildConfiguration section */

/* Begin XCConfigurationList section */
		3E46332C22C0C2D000AE0F2F /* Build configuration list for PBXProject "BelieveAndRise" */ = {
			isa = XCConfigurationList;
			buildConfigurations = (
				3E46335322C0C2D200AE0F2F /* Debug */,
				3E46335422C0C2D200AE0F2F /* Release */,
			);
			defaultConfigurationIsVisible = 0;
			defaultConfigurationName = Release;
		};
		3E46335522C0C2D200AE0F2F /* Build configuration list for PBXNativeTarget "BelieveAndRise" */ = {
			isa = XCConfigurationList;
			buildConfigurations = (
				3E46335622C0C2D200AE0F2F /* Debug */,
				3E46335722C0C2D200AE0F2F /* Release */,
			);
			defaultConfigurationIsVisible = 0;
			defaultConfigurationName = Release;
		};
		3E46335822C0C2D200AE0F2F /* Build configuration list for PBXNativeTarget "BelieveAndRiseTests" */ = {
			isa = XCConfigurationList;
			buildConfigurations = (
				3E46335922C0C2D200AE0F2F /* Debug */,
				3E46335A22C0C2D200AE0F2F /* Release */,
			);
			defaultConfigurationIsVisible = 0;
			defaultConfigurationName = Release;
		};
		3E46335B22C0C2D200AE0F2F /* Build configuration list for PBXNativeTarget "BelieveAndRiseUITests" */ = {
			isa = XCConfigurationList;
			buildConfigurations = (
				3E46335C22C0C2D200AE0F2F /* Debug */,
				3E46335D22C0C2D200AE0F2F /* Release */,
			);
			defaultConfigurationIsVisible = 0;
			defaultConfigurationName = Release;
		};
/* End XCConfigurationList section */
	};
	rootObject = 3E46332922C0C2D000AE0F2F /* Project object */;
}
